// !$*UTF8*$!
{
	archiveVersion = 1;
	classes = {
	};
	objectVersion = 46;
	objects = {

/* Begin PBXAggregateTarget section */
		"DeclarativeTVC::DeclarativeTVCPackageTests::ProductTarget" /* DeclarativeTVCPackageTests */ = {
			isa = PBXAggregateTarget;
			buildConfigurationList = OBJ_82 /* Build configuration list for PBXAggregateTarget "DeclarativeTVCPackageTests" */;
			buildPhases = (
			);
			dependencies = (
				OBJ_85 /* PBXTargetDependency */,
			);
			name = DeclarativeTVCPackageTests;
			productName = DeclarativeTVCPackageTests;
		};
/* End PBXAggregateTarget section */

/* Begin PBXBuildFile section */
		C378D9C2256EFCF40073189B /* AppDelegate.swift in Sources */ = {isa = PBXBuildFile; fileRef = C378D9C1256EFCF40073189B /* AppDelegate.swift */; };
		C378D9C4256EFCF40073189B /* SceneDelegate.swift in Sources */ = {isa = PBXBuildFile; fileRef = C378D9C3256EFCF40073189B /* SceneDelegate.swift */; };
		C378D9C9256EFCF40073189B /* Main.storyboard in Resources */ = {isa = PBXBuildFile; fileRef = C378D9C7256EFCF40073189B /* Main.storyboard */; };
		C378D9CB256EFCF50073189B /* Assets.xcassets in Resources */ = {isa = PBXBuildFile; fileRef = C378D9CA256EFCF50073189B /* Assets.xcassets */; };
		C378D9CE256EFCF50073189B /* LaunchScreen.storyboard in Resources */ = {isa = PBXBuildFile; fileRef = C378D9CC256EFCF50073189B /* LaunchScreen.storyboard */; };
		C378D9F9256EFD380073189B /* State.swift in Sources */ = {isa = PBXBuildFile; fileRef = C378D9DA256EFD380073189B /* State.swift */; };
		C378D9FA256EFD380073189B /* CollectionCell.swift in Sources */ = {isa = PBXBuildFile; fileRef = C378D9DC256EFD380073189B /* CollectionCell.swift */; };
		C378D9FB256EFD380073189B /* AnimationTypeSelectCell.swift in Sources */ = {isa = PBXBuildFile; fileRef = C378D9DD256EFD380073189B /* AnimationTypeSelectCell.swift */; };
		C378D9FC256EFD380073189B /* CheckedCell.swift in Sources */ = {isa = PBXBuildFile; fileRef = C378D9DE256EFD380073189B /* CheckedCell.swift */; };
		C378D9FD256EFD380073189B /* ApplyAnimationsCell.swift in Sources */ = {isa = PBXBuildFile; fileRef = C378D9DF256EFD380073189B /* ApplyAnimationsCell.swift */; };
		C378D9FE256EFD380073189B /* SimpleXibCell.xib in Resources */ = {isa = PBXBuildFile; fileRef = C378D9E0256EFD380073189B /* SimpleXibCell.xib */; };
		C378D9FF256EFD380073189B /* SimpleCodeCell.swift in Sources */ = {isa = PBXBuildFile; fileRef = C378D9E1256EFD380073189B /* SimpleCodeCell.swift */; };
		C378DA00256EFD380073189B /* SimpleCell.swift in Sources */ = {isa = PBXBuildFile; fileRef = C378D9E2256EFD380073189B /* SimpleCell.swift */; };
		C378DA01256EFD380073189B /* SimpleXibCell.swift in Sources */ = {isa = PBXBuildFile; fileRef = C378D9E3256EFD380073189B /* SimpleXibCell.swift */; };
		C378DA02256EFD380073189B /* TextFieldCell.swift in Sources */ = {isa = PBXBuildFile; fileRef = C378D9E4256EFD380073189B /* TextFieldCell.swift */; };
		C378DA03256EFD380073189B /* SimpleSelectableCell.swift in Sources */ = {isa = PBXBuildFile; fileRef = C378D9E5256EFD380073189B /* SimpleSelectableCell.swift */; };
		C378DA04256EFD380073189B /* SelectAnimationsCell.swift in Sources */ = {isa = PBXBuildFile; fileRef = C378D9E6256EFD380073189B /* SelectAnimationsCell.swift */; };
		C378DA05256EFD380073189B /* HeaderView.swift in Sources */ = {isa = PBXBuildFile; fileRef = C378D9E7256EFD380073189B /* HeaderView.swift */; };
		C378DA06256EFD380073189B /* HeaderCell.swift in Sources */ = {isa = PBXBuildFile; fileRef = C378D9E8256EFD380073189B /* HeaderCell.swift */; };
		C378DA07256EFD380073189B /* ColorSelectableCell.swift in Sources */ = {isa = PBXBuildFile; fileRef = C378D9EA256EFD380073189B /* ColorSelectableCell.swift */; };
		C378DA08256EFD380073189B /* ColorCell.swift in Sources */ = {isa = PBXBuildFile; fileRef = C378D9EB256EFD380073189B /* ColorCell.swift */; };
		C378DA09256EFD380073189B /* CollectionRowVC.swift in Sources */ = {isa = PBXBuildFile; fileRef = C378D9EE256EFD380073189B /* CollectionRowVC.swift */; };
		C378DA0A256EFD380073189B /* SelectAnimationOptionVC.swift in Sources */ = {isa = PBXBuildFile; fileRef = C378D9EF256EFD380073189B /* SelectAnimationOptionVC.swift */; };
		C378DA0B256EFD380073189B /* SelectAnimationsVC.swift in Sources */ = {isa = PBXBuildFile; fileRef = C378D9F0256EFD380073189B /* SelectAnimationsVC.swift */; };
		C378DA0C256EFD380073189B /* DetailVC.swift in Sources */ = {isa = PBXBuildFile; fileRef = C378D9F1256EFD380073189B /* DetailVC.swift */; };
		C378DA0D256EFD380073189B /* TVC.swift in Sources */ = {isa = PBXBuildFile; fileRef = C378D9F2256EFD380073189B /* TVC.swift */; };
		C378DA0E256EFD380073189B /* GroupedTVC.swift in Sources */ = {isa = PBXBuildFile; fileRef = C378D9F3256EFD380073189B /* GroupedTVC.swift */; };
		C378DA0F256EFD380073189B /* MainVC.swift in Sources */ = {isa = PBXBuildFile; fileRef = C378D9F4256EFD380073189B /* MainVC.swift */; };
		C378DA10256EFD380073189B /* CVC.swift in Sources */ = {isa = PBXBuildFile; fileRef = C378D9F6256EFD380073189B /* CVC.swift */; };
		C378DA11256EFD380073189B /* VerticalCVC.swift in Sources */ = {isa = PBXBuildFile; fileRef = C378D9F7256EFD380073189B /* VerticalCVC.swift */; };
		C378DA12256EFD380073189B /* HorizontalCVC.swift in Sources */ = {isa = PBXBuildFile; fileRef = C378D9F8256EFD380073189B /* HorizontalCVC.swift */; };
		C378DA22256EFDA20073189B /* DeclarativeTVC.framework in Frameworks */ = {isa = PBXBuildFile; fileRef = "DeclarativeTVC::DeclarativeTVC::Product" /* DeclarativeTVC.framework */; };
		C378DA23256EFDA20073189B /* DeclarativeTVC.framework in Embed Frameworks */ = {isa = PBXBuildFile; fileRef = "DeclarativeTVC::DeclarativeTVC::Product" /* DeclarativeTVC.framework */; settings = {ATTRIBUTES = (CodeSignOnCopy, RemoveHeadersOnCopy, ); }; };
		OBJ_102 /* Algorithm.swift in Sources */ = {isa = PBXBuildFile; fileRef = OBJ_32 /* Algorithm.swift */; };
		OBJ_103 /* AnyDifferentiable.swift in Sources */ = {isa = PBXBuildFile; fileRef = OBJ_33 /* AnyDifferentiable.swift */; };
		OBJ_104 /* ArraySection.swift in Sources */ = {isa = PBXBuildFile; fileRef = OBJ_34 /* ArraySection.swift */; };
		OBJ_105 /* Changeset.swift in Sources */ = {isa = PBXBuildFile; fileRef = OBJ_35 /* Changeset.swift */; };
		OBJ_106 /* ContentEquatable.swift in Sources */ = {isa = PBXBuildFile; fileRef = OBJ_36 /* ContentEquatable.swift */; };
		OBJ_107 /* ContentIdentifiable.swift in Sources */ = {isa = PBXBuildFile; fileRef = OBJ_37 /* ContentIdentifiable.swift */; };
		OBJ_108 /* Differentiable.swift in Sources */ = {isa = PBXBuildFile; fileRef = OBJ_38 /* Differentiable.swift */; };
		OBJ_109 /* DifferentiableSection.swift in Sources */ = {isa = PBXBuildFile; fileRef = OBJ_39 /* DifferentiableSection.swift */; };
		OBJ_110 /* ElementPath.swift in Sources */ = {isa = PBXBuildFile; fileRef = OBJ_40 /* ElementPath.swift */; };
		OBJ_111 /* AppKitExtension.swift in Sources */ = {isa = PBXBuildFile; fileRef = OBJ_42 /* AppKitExtension.swift */; };
		OBJ_112 /* UIKitExtension.swift in Sources */ = {isa = PBXBuildFile; fileRef = OBJ_43 /* UIKitExtension.swift */; };
		OBJ_113 /* StagedChangeset.swift in Sources */ = {isa = PBXBuildFile; fileRef = OBJ_44 /* StagedChangeset.swift */; };
		OBJ_120 /* Package.swift in Sources */ = {isa = PBXBuildFile; fileRef = OBJ_31 /* Package.swift */; };
		OBJ_58 /* CellModel.swift in Sources */ = {isa = PBXBuildFile; fileRef = OBJ_10 /* CellModel.swift */; };
		OBJ_59 /* Command.swift in Sources */ = {isa = PBXBuildFile; fileRef = OBJ_11 /* Command.swift */; };
		OBJ_60 /* SelectableCell.swift in Sources */ = {isa = PBXBuildFile; fileRef = OBJ_12 /* SelectableCell.swift */; };
		OBJ_61 /* CollectionDS.swift in Sources */ = {isa = PBXBuildFile; fileRef = OBJ_14 /* CollectionDS.swift */; };
		OBJ_62 /* CollectionModel.swift in Sources */ = {isa = PBXBuildFile; fileRef = OBJ_15 /* CollectionModel.swift */; };
		OBJ_63 /* DeclarativeCVC.swift in Sources */ = {isa = PBXBuildFile; fileRef = OBJ_16 /* DeclarativeCVC.swift */; };
		OBJ_64 /* DeclarativeTVC+Animations.swift in Sources */ = {isa = PBXBuildFile; fileRef = OBJ_18 /* DeclarativeTVC+Animations.swift */; };
		OBJ_65 /* DeclarativeTVC.swift in Sources */ = {isa = PBXBuildFile; fileRef = OBJ_19 /* DeclarativeTVC.swift */; };
		OBJ_66 /* TableDS.swift in Sources */ = {isa = PBXBuildFile; fileRef = OBJ_20 /* TableDS.swift */; };
		OBJ_67 /* TableFooterModel.swift in Sources */ = {isa = PBXBuildFile; fileRef = OBJ_21 /* TableFooterModel.swift */; };
		OBJ_68 /* TableHeaderModel.swift in Sources */ = {isa = PBXBuildFile; fileRef = OBJ_22 /* TableHeaderModel.swift */; };
		OBJ_69 /* TableModel.swift in Sources */ = {isa = PBXBuildFile; fileRef = OBJ_23 /* TableModel.swift */; };
		OBJ_70 /* UITableView+.swift in Sources */ = {isa = PBXBuildFile; fileRef = OBJ_24 /* UITableView+.swift */; };
		OBJ_72 /* DifferenceKit.framework in Frameworks */ = {isa = PBXBuildFile; fileRef = "DifferenceKit::DifferenceKit::Product" /* DifferenceKit.framework */; };
		OBJ_80 /* Package.swift in Sources */ = {isa = PBXBuildFile; fileRef = OBJ_6 /* Package.swift */; };
		OBJ_91 /* DeclarativeTVCTests.swift in Sources */ = {isa = PBXBuildFile; fileRef = OBJ_27 /* DeclarativeTVCTests.swift */; };
		OBJ_92 /* XCTestManifests.swift in Sources */ = {isa = PBXBuildFile; fileRef = OBJ_28 /* XCTestManifests.swift */; };
		OBJ_94 /* DeclarativeTVC.framework in Frameworks */ = {isa = PBXBuildFile; fileRef = "DeclarativeTVC::DeclarativeTVC::Product" /* DeclarativeTVC.framework */; };
		OBJ_95 /* DifferenceKit.framework in Frameworks */ = {isa = PBXBuildFile; fileRef = "DifferenceKit::DifferenceKit::Product" /* DifferenceKit.framework */; };
/* End PBXBuildFile section */

/* Begin PBXContainerItemProxy section */
		C378D9B1256EFC5B0073189B /* PBXContainerItemProxy */ = {
			isa = PBXContainerItemProxy;
			containerPortal = OBJ_1 /* Project object */;
			proxyType = 1;
			remoteGlobalIDString = "DifferenceKit::DifferenceKit";
			remoteInfo = DifferenceKit;
		};
		C378D9B2256EFC5C0073189B /* PBXContainerItemProxy */ = {
			isa = PBXContainerItemProxy;
			containerPortal = OBJ_1 /* Project object */;
			proxyType = 1;
			remoteGlobalIDString = "DeclarativeTVC::DeclarativeTVC";
			remoteInfo = DeclarativeTVC;
		};
		C378D9B3256EFC5C0073189B /* PBXContainerItemProxy */ = {
			isa = PBXContainerItemProxy;
			containerPortal = OBJ_1 /* Project object */;
			proxyType = 1;
			remoteGlobalIDString = "DifferenceKit::DifferenceKit";
			remoteInfo = DifferenceKit;
		};
		C378D9B6256EFC5D0073189B /* PBXContainerItemProxy */ = {
			isa = PBXContainerItemProxy;
			containerPortal = OBJ_1 /* Project object */;
			proxyType = 1;
			remoteGlobalIDString = "DeclarativeTVC::DeclarativeTVCTests";
			remoteInfo = DeclarativeTVCTests;
		};
		C378DA24256EFDA20073189B /* PBXContainerItemProxy */ = {
			isa = PBXContainerItemProxy;
			containerPortal = OBJ_1 /* Project object */;
			proxyType = 1;
			remoteGlobalIDString = "DeclarativeTVC::DeclarativeTVC";
			remoteInfo = DeclarativeTVC;
		};
/* End PBXContainerItemProxy section */

/* Begin PBXCopyFilesBuildPhase section */
		C378DA26256EFDA20073189B /* Embed Frameworks */ = {
			isa = PBXCopyFilesBuildPhase;
			buildActionMask = 2147483647;
			dstPath = "";
			dstSubfolderSpec = 10;
			files = (
				C378DA23256EFDA20073189B /* DeclarativeTVC.framework in Embed Frameworks */,
			);
			name = "Embed Frameworks";
			runOnlyForDeploymentPostprocessing = 0;
		};
/* End PBXCopyFilesBuildPhase section */

/* Begin PBXFileReference section */
		C378D9BF256EFCF40073189B /* Example.app */ = {isa = PBXFileReference; explicitFileType = wrapper.application; includeInIndex = 0; path = Example.app; sourceTree = BUILT_PRODUCTS_DIR; };
		C378D9C1256EFCF40073189B /* AppDelegate.swift */ = {isa = PBXFileReference; lastKnownFileType = sourcecode.swift; path = AppDelegate.swift; sourceTree = "<group>"; };
		C378D9C3256EFCF40073189B /* SceneDelegate.swift */ = {isa = PBXFileReference; lastKnownFileType = sourcecode.swift; path = SceneDelegate.swift; sourceTree = "<group>"; };
		C378D9C8256EFCF40073189B /* Base */ = {isa = PBXFileReference; lastKnownFileType = file.storyboard; name = Base; path = Base.lproj/Main.storyboard; sourceTree = "<group>"; };
		C378D9CA256EFCF50073189B /* Assets.xcassets */ = {isa = PBXFileReference; lastKnownFileType = folder.assetcatalog; path = Assets.xcassets; sourceTree = "<group>"; };
		C378D9CD256EFCF50073189B /* Base */ = {isa = PBXFileReference; lastKnownFileType = file.storyboard; name = Base; path = Base.lproj/LaunchScreen.storyboard; sourceTree = "<group>"; };
		C378D9CF256EFCF50073189B /* Info.plist */ = {isa = PBXFileReference; lastKnownFileType = text.plist.xml; path = Info.plist; sourceTree = "<group>"; };
		C378D9DA256EFD380073189B /* State.swift */ = {isa = PBXFileReference; fileEncoding = 4; lastKnownFileType = sourcecode.swift; path = State.swift; sourceTree = "<group>"; };
		C378D9DC256EFD380073189B /* CollectionCell.swift */ = {isa = PBXFileReference; fileEncoding = 4; lastKnownFileType = sourcecode.swift; path = CollectionCell.swift; sourceTree = "<group>"; };
		C378D9DD256EFD380073189B /* AnimationTypeSelectCell.swift */ = {isa = PBXFileReference; fileEncoding = 4; lastKnownFileType = sourcecode.swift; path = AnimationTypeSelectCell.swift; sourceTree = "<group>"; };
		C378D9DE256EFD380073189B /* CheckedCell.swift */ = {isa = PBXFileReference; fileEncoding = 4; lastKnownFileType = sourcecode.swift; path = CheckedCell.swift; sourceTree = "<group>"; };
		C378D9DF256EFD380073189B /* ApplyAnimationsCell.swift */ = {isa = PBXFileReference; fileEncoding = 4; lastKnownFileType = sourcecode.swift; path = ApplyAnimationsCell.swift; sourceTree = "<group>"; };
		C378D9E0256EFD380073189B /* SimpleXibCell.xib */ = {isa = PBXFileReference; fileEncoding = 4; lastKnownFileType = file.xib; path = SimpleXibCell.xib; sourceTree = "<group>"; };
		C378D9E1256EFD380073189B /* SimpleCodeCell.swift */ = {isa = PBXFileReference; fileEncoding = 4; lastKnownFileType = sourcecode.swift; path = SimpleCodeCell.swift; sourceTree = "<group>"; };
		C378D9E2256EFD380073189B /* SimpleCell.swift */ = {isa = PBXFileReference; fileEncoding = 4; lastKnownFileType = sourcecode.swift; path = SimpleCell.swift; sourceTree = "<group>"; };
		C378D9E3256EFD380073189B /* SimpleXibCell.swift */ = {isa = PBXFileReference; fileEncoding = 4; lastKnownFileType = sourcecode.swift; path = SimpleXibCell.swift; sourceTree = "<group>"; };
		C378D9E4256EFD380073189B /* TextFieldCell.swift */ = {isa = PBXFileReference; fileEncoding = 4; lastKnownFileType = sourcecode.swift; path = TextFieldCell.swift; sourceTree = "<group>"; };
		C378D9E5256EFD380073189B /* SimpleSelectableCell.swift */ = {isa = PBXFileReference; fileEncoding = 4; lastKnownFileType = sourcecode.swift; path = SimpleSelectableCell.swift; sourceTree = "<group>"; };
		C378D9E6256EFD380073189B /* SelectAnimationsCell.swift */ = {isa = PBXFileReference; fileEncoding = 4; lastKnownFileType = sourcecode.swift; path = SelectAnimationsCell.swift; sourceTree = "<group>"; };
		C378D9E7256EFD380073189B /* HeaderView.swift */ = {isa = PBXFileReference; fileEncoding = 4; lastKnownFileType = sourcecode.swift; path = HeaderView.swift; sourceTree = "<group>"; };
		C378D9E8256EFD380073189B /* HeaderCell.swift */ = {isa = PBXFileReference; fileEncoding = 4; lastKnownFileType = sourcecode.swift; path = HeaderCell.swift; sourceTree = "<group>"; };
		C378D9EA256EFD380073189B /* ColorSelectableCell.swift */ = {isa = PBXFileReference; fileEncoding = 4; lastKnownFileType = sourcecode.swift; path = ColorSelectableCell.swift; sourceTree = "<group>"; };
		C378D9EB256EFD380073189B /* ColorCell.swift */ = {isa = PBXFileReference; fileEncoding = 4; lastKnownFileType = sourcecode.swift; path = ColorCell.swift; sourceTree = "<group>"; };
		C378D9EE256EFD380073189B /* CollectionRowVC.swift */ = {isa = PBXFileReference; fileEncoding = 4; lastKnownFileType = sourcecode.swift; path = CollectionRowVC.swift; sourceTree = "<group>"; };
		C378D9EF256EFD380073189B /* SelectAnimationOptionVC.swift */ = {isa = PBXFileReference; fileEncoding = 4; lastKnownFileType = sourcecode.swift; path = SelectAnimationOptionVC.swift; sourceTree = "<group>"; };
		C378D9F0256EFD380073189B /* SelectAnimationsVC.swift */ = {isa = PBXFileReference; fileEncoding = 4; lastKnownFileType = sourcecode.swift; path = SelectAnimationsVC.swift; sourceTree = "<group>"; };
		C378D9F1256EFD380073189B /* DetailVC.swift */ = {isa = PBXFileReference; fileEncoding = 4; lastKnownFileType = sourcecode.swift; path = DetailVC.swift; sourceTree = "<group>"; };
		C378D9F2256EFD380073189B /* TVC.swift */ = {isa = PBXFileReference; fileEncoding = 4; lastKnownFileType = sourcecode.swift; path = TVC.swift; sourceTree = "<group>"; };
		C378D9F3256EFD380073189B /* GroupedTVC.swift */ = {isa = PBXFileReference; fileEncoding = 4; lastKnownFileType = sourcecode.swift; path = GroupedTVC.swift; sourceTree = "<group>"; };
		C378D9F4256EFD380073189B /* MainVC.swift */ = {isa = PBXFileReference; fileEncoding = 4; lastKnownFileType = sourcecode.swift; path = MainVC.swift; sourceTree = "<group>"; };
		C378D9F6256EFD380073189B /* CVC.swift */ = {isa = PBXFileReference; fileEncoding = 4; lastKnownFileType = sourcecode.swift; path = CVC.swift; sourceTree = "<group>"; };
		C378D9F7256EFD380073189B /* VerticalCVC.swift */ = {isa = PBXFileReference; fileEncoding = 4; lastKnownFileType = sourcecode.swift; path = VerticalCVC.swift; sourceTree = "<group>"; };
		C378D9F8256EFD380073189B /* HorizontalCVC.swift */ = {isa = PBXFileReference; fileEncoding = 4; lastKnownFileType = sourcecode.swift; path = HorizontalCVC.swift; sourceTree = "<group>"; };
		"DeclarativeTVC::DeclarativeTVC::Product" /* DeclarativeTVC.framework */ = {isa = PBXFileReference; lastKnownFileType = wrapper.framework; path = DeclarativeTVC.framework; sourceTree = BUILT_PRODUCTS_DIR; };
		"DeclarativeTVC::DeclarativeTVCTests::Product" /* DeclarativeTVCTests.xctest */ = {isa = PBXFileReference; lastKnownFileType = file; path = DeclarativeTVCTests.xctest; sourceTree = BUILT_PRODUCTS_DIR; };
		"DifferenceKit::DifferenceKit::Product" /* DifferenceKit.framework */ = {isa = PBXFileReference; lastKnownFileType = wrapper.framework; path = DifferenceKit.framework; sourceTree = BUILT_PRODUCTS_DIR; };
		OBJ_10 /* CellModel.swift */ = {isa = PBXFileReference; lastKnownFileType = sourcecode.swift; path = CellModel.swift; sourceTree = "<group>"; };
		OBJ_11 /* Command.swift */ = {isa = PBXFileReference; lastKnownFileType = sourcecode.swift; path = Command.swift; sourceTree = "<group>"; };
		OBJ_12 /* SelectableCell.swift */ = {isa = PBXFileReference; lastKnownFileType = sourcecode.swift; path = SelectableCell.swift; sourceTree = "<group>"; };
		OBJ_14 /* CollectionDS.swift */ = {isa = PBXFileReference; lastKnownFileType = sourcecode.swift; path = CollectionDS.swift; sourceTree = "<group>"; };
		OBJ_15 /* CollectionModel.swift */ = {isa = PBXFileReference; lastKnownFileType = sourcecode.swift; path = CollectionModel.swift; sourceTree = "<group>"; };
		OBJ_16 /* DeclarativeCVC.swift */ = {isa = PBXFileReference; lastKnownFileType = sourcecode.swift; path = DeclarativeCVC.swift; sourceTree = "<group>"; };
		OBJ_18 /* DeclarativeTVC+Animations.swift */ = {isa = PBXFileReference; lastKnownFileType = sourcecode.swift; path = "DeclarativeTVC+Animations.swift"; sourceTree = "<group>"; };
		OBJ_19 /* DeclarativeTVC.swift */ = {isa = PBXFileReference; lastKnownFileType = sourcecode.swift; path = DeclarativeTVC.swift; sourceTree = "<group>"; };
		OBJ_20 /* TableDS.swift */ = {isa = PBXFileReference; lastKnownFileType = sourcecode.swift; path = TableDS.swift; sourceTree = "<group>"; };
		OBJ_21 /* TableFooterModel.swift */ = {isa = PBXFileReference; lastKnownFileType = sourcecode.swift; path = TableFooterModel.swift; sourceTree = "<group>"; };
		OBJ_22 /* TableHeaderModel.swift */ = {isa = PBXFileReference; lastKnownFileType = sourcecode.swift; path = TableHeaderModel.swift; sourceTree = "<group>"; };
		OBJ_23 /* TableModel.swift */ = {isa = PBXFileReference; lastKnownFileType = sourcecode.swift; path = TableModel.swift; sourceTree = "<group>"; };
		OBJ_24 /* UITableView+.swift */ = {isa = PBXFileReference; lastKnownFileType = sourcecode.swift; path = "UITableView+.swift"; sourceTree = "<group>"; };
		OBJ_27 /* DeclarativeTVCTests.swift */ = {isa = PBXFileReference; lastKnownFileType = sourcecode.swift; path = DeclarativeTVCTests.swift; sourceTree = "<group>"; };
		OBJ_28 /* XCTestManifests.swift */ = {isa = PBXFileReference; lastKnownFileType = sourcecode.swift; path = XCTestManifests.swift; sourceTree = "<group>"; };
		OBJ_31 /* Package.swift */ = {isa = PBXFileReference; explicitFileType = sourcecode.swift; name = Package.swift; path = /Users/dmitrykocherovets/Dev/iOS/DeclarativeTVC/.build/checkouts/DifferenceKit/Package.swift; sourceTree = "<group>"; };
		OBJ_32 /* Algorithm.swift */ = {isa = PBXFileReference; lastKnownFileType = sourcecode.swift; path = Algorithm.swift; sourceTree = "<group>"; };
		OBJ_33 /* AnyDifferentiable.swift */ = {isa = PBXFileReference; lastKnownFileType = sourcecode.swift; path = AnyDifferentiable.swift; sourceTree = "<group>"; };
		OBJ_34 /* ArraySection.swift */ = {isa = PBXFileReference; lastKnownFileType = sourcecode.swift; path = ArraySection.swift; sourceTree = "<group>"; };
		OBJ_35 /* Changeset.swift */ = {isa = PBXFileReference; lastKnownFileType = sourcecode.swift; path = Changeset.swift; sourceTree = "<group>"; };
		OBJ_36 /* ContentEquatable.swift */ = {isa = PBXFileReference; lastKnownFileType = sourcecode.swift; path = ContentEquatable.swift; sourceTree = "<group>"; };
		OBJ_37 /* ContentIdentifiable.swift */ = {isa = PBXFileReference; lastKnownFileType = sourcecode.swift; path = ContentIdentifiable.swift; sourceTree = "<group>"; };
		OBJ_38 /* Differentiable.swift */ = {isa = PBXFileReference; lastKnownFileType = sourcecode.swift; path = Differentiable.swift; sourceTree = "<group>"; };
		OBJ_39 /* DifferentiableSection.swift */ = {isa = PBXFileReference; lastKnownFileType = sourcecode.swift; path = DifferentiableSection.swift; sourceTree = "<group>"; };
		OBJ_40 /* ElementPath.swift */ = {isa = PBXFileReference; lastKnownFileType = sourcecode.swift; path = ElementPath.swift; sourceTree = "<group>"; };
		OBJ_42 /* AppKitExtension.swift */ = {isa = PBXFileReference; lastKnownFileType = sourcecode.swift; path = AppKitExtension.swift; sourceTree = "<group>"; };
		OBJ_43 /* UIKitExtension.swift */ = {isa = PBXFileReference; lastKnownFileType = sourcecode.swift; path = UIKitExtension.swift; sourceTree = "<group>"; };
		OBJ_44 /* StagedChangeset.swift */ = {isa = PBXFileReference; lastKnownFileType = sourcecode.swift; path = StagedChangeset.swift; sourceTree = "<group>"; };
		OBJ_50 /* LICENSE */ = {isa = PBXFileReference; lastKnownFileType = text; path = LICENSE; sourceTree = "<group>"; };
		OBJ_51 /* DeclarativeTVC.podspec */ = {isa = PBXFileReference; lastKnownFileType = text; path = DeclarativeTVC.podspec; sourceTree = "<group>"; };
		OBJ_52 /* README.md */ = {isa = PBXFileReference; lastKnownFileType = net.daringfireball.markdown; path = README.md; sourceTree = "<group>"; };
		OBJ_6 /* Package.swift */ = {isa = PBXFileReference; explicitFileType = sourcecode.swift; path = Package.swift; sourceTree = "<group>"; };
/* End PBXFileReference section */

/* Begin PBXFrameworksBuildPhase section */
		C378D9BC256EFCF40073189B /* Frameworks */ = {
			isa = PBXFrameworksBuildPhase;
			buildActionMask = 2147483647;
			files = (
				C378DA22256EFDA20073189B /* DeclarativeTVC.framework in Frameworks */,
			);
			runOnlyForDeploymentPostprocessing = 0;
		};
		OBJ_114 /* Frameworks */ = {
			isa = PBXFrameworksBuildPhase;
			buildActionMask = 0;
			files = (
			);
			runOnlyForDeploymentPostprocessing = 0;
		};
		OBJ_71 /* Frameworks */ = {
			isa = PBXFrameworksBuildPhase;
			buildActionMask = 0;
			files = (
				OBJ_72 /* DifferenceKit.framework in Frameworks */,
			);
			runOnlyForDeploymentPostprocessing = 0;
		};
		OBJ_93 /* Frameworks */ = {
			isa = PBXFrameworksBuildPhase;
			buildActionMask = 0;
			files = (
				OBJ_94 /* DeclarativeTVC.framework in Frameworks */,
				OBJ_95 /* DifferenceKit.framework in Frameworks */,
			);
			runOnlyForDeploymentPostprocessing = 0;
		};
/* End PBXFrameworksBuildPhase section */

/* Begin PBXGroup section */
		C378D9C0256EFCF40073189B /* Example */ = {
			isa = PBXGroup;
			children = (
				C378D9C1256EFCF40073189B /* AppDelegate.swift */,
				C378D9C3256EFCF40073189B /* SceneDelegate.swift */,
				C378D9C7256EFCF40073189B /* Main.storyboard */,
				C378D9CA256EFCF50073189B /* Assets.xcassets */,
				C378D9CC256EFCF50073189B /* LaunchScreen.storyboard */,
				C378D9CF256EFCF50073189B /* Info.plist */,
				C378D9E9256EFD380073189B /* Collection Cells */,
				C378D9DA256EFD380073189B /* State.swift */,
				C378D9DB256EFD380073189B /* Table Cells */,
				C378D9EC256EFD380073189B /* View Controllers */,
			);
			path = Example;
			sourceTree = "<group>";
		};
		C378D9DB256EFD380073189B /* Table Cells */ = {
			isa = PBXGroup;
			children = (
				C378D9DC256EFD380073189B /* CollectionCell.swift */,
				C378D9DD256EFD380073189B /* AnimationTypeSelectCell.swift */,
				C378D9DE256EFD380073189B /* CheckedCell.swift */,
				C378D9DF256EFD380073189B /* ApplyAnimationsCell.swift */,
				C378D9E0256EFD380073189B /* SimpleXibCell.xib */,
				C378D9E1256EFD380073189B /* SimpleCodeCell.swift */,
				C378D9E2256EFD380073189B /* SimpleCell.swift */,
				C378D9E3256EFD380073189B /* SimpleXibCell.swift */,
				C378D9E4256EFD380073189B /* TextFieldCell.swift */,
				C378D9E5256EFD380073189B /* SimpleSelectableCell.swift */,
				C378D9E6256EFD380073189B /* SelectAnimationsCell.swift */,
				C378D9E7256EFD380073189B /* HeaderView.swift */,
				C378D9E8256EFD380073189B /* HeaderCell.swift */,
			);
			path = "Table Cells";
			sourceTree = "<group>";
		};
		C378D9E9256EFD380073189B /* Collection Cells */ = {
			isa = PBXGroup;
			children = (
				C378D9EA256EFD380073189B /* ColorSelectableCell.swift */,
				C378D9EB256EFD380073189B /* ColorCell.swift */,
			);
			path = "Collection Cells";
			sourceTree = "<group>";
		};
		C378D9EC256EFD380073189B /* View Controllers */ = {
			isa = PBXGroup;
			children = (
				C378D9ED256EFD380073189B /* Tables */,
				C378D9F5256EFD380073189B /* Collections */,
			);
			path = "View Controllers";
			sourceTree = "<group>";
		};
		C378D9ED256EFD380073189B /* Tables */ = {
			isa = PBXGroup;
			children = (
				C378D9EE256EFD380073189B /* CollectionRowVC.swift */,
				C378D9EF256EFD380073189B /* SelectAnimationOptionVC.swift */,
				C378D9F0256EFD380073189B /* SelectAnimationsVC.swift */,
				C378D9F1256EFD380073189B /* DetailVC.swift */,
				C378D9F2256EFD380073189B /* TVC.swift */,
				C378D9F3256EFD380073189B /* GroupedTVC.swift */,
				C378D9F4256EFD380073189B /* MainVC.swift */,
			);
			path = Tables;
			sourceTree = "<group>";
		};
		C378D9F5256EFD380073189B /* Collections */ = {
			isa = PBXGroup;
			children = (
				C378D9F6256EFD380073189B /* CVC.swift */,
				C378D9F7256EFD380073189B /* VerticalCVC.swift */,
				C378D9F8256EFD380073189B /* HorizontalCVC.swift */,
			);
			path = Collections;
			sourceTree = "<group>";
		};
		C378DA21256EFDA20073189B /* Frameworks */ = {
			isa = PBXGroup;
			children = (
			);
			name = Frameworks;
			sourceTree = "<group>";
		};
		OBJ_13 /* Collections */ = {
			isa = PBXGroup;
			children = (
				OBJ_14 /* CollectionDS.swift */,
				OBJ_15 /* CollectionModel.swift */,
				OBJ_16 /* DeclarativeCVC.swift */,
			);
			path = Collections;
			sourceTree = "<group>";
		};
		OBJ_17 /* Tables */ = {
			isa = PBXGroup;
			children = (
				OBJ_18 /* DeclarativeTVC+Animations.swift */,
				OBJ_19 /* DeclarativeTVC.swift */,
				OBJ_20 /* TableDS.swift */,
				OBJ_22 /* TableHeaderModel.swift */,
				OBJ_21 /* TableFooterModel.swift */,
				OBJ_23 /* TableModel.swift */,
				OBJ_24 /* UITableView+.swift */,
			);
			path = Tables;
			sourceTree = "<group>";
		};
		OBJ_25 /* Tests */ = {
			isa = PBXGroup;
			children = (
				OBJ_26 /* DeclarativeTVCTests */,
			);
			name = Tests;
			sourceTree = SOURCE_ROOT;
		};
		OBJ_26 /* DeclarativeTVCTests */ = {
			isa = PBXGroup;
			children = (
				OBJ_27 /* DeclarativeTVCTests.swift */,
				OBJ_28 /* XCTestManifests.swift */,
			);
			name = DeclarativeTVCTests;
			path = Tests/DeclarativeTVCTests;
			sourceTree = SOURCE_ROOT;
		};
		OBJ_29 /* Dependencies */ = {
			isa = PBXGroup;
			children = (
				OBJ_30 /* DifferenceKit 1.1.5 */,
			);
			name = Dependencies;
			sourceTree = "<group>";
		};
		OBJ_30 /* DifferenceKit 1.1.5 */ = {
			isa = PBXGroup;
			children = (
				OBJ_31 /* Package.swift */,
				OBJ_32 /* Algorithm.swift */,
				OBJ_33 /* AnyDifferentiable.swift */,
				OBJ_34 /* ArraySection.swift */,
				OBJ_35 /* Changeset.swift */,
				OBJ_36 /* ContentEquatable.swift */,
				OBJ_37 /* ContentIdentifiable.swift */,
				OBJ_38 /* Differentiable.swift */,
				OBJ_39 /* DifferentiableSection.swift */,
				OBJ_40 /* ElementPath.swift */,
				OBJ_41 /* Extensions */,
				OBJ_44 /* StagedChangeset.swift */,
			);
			name = "DifferenceKit 1.1.5";
			path = .build/checkouts/DifferenceKit/Sources;
			sourceTree = SOURCE_ROOT;
		};
		OBJ_41 /* Extensions */ = {
			isa = PBXGroup;
			children = (
				OBJ_42 /* AppKitExtension.swift */,
				OBJ_43 /* UIKitExtension.swift */,
			);
			path = Extensions;
			sourceTree = "<group>";
		};
		OBJ_45 /* Products */ = {
			isa = PBXGroup;
			children = (
				"DeclarativeTVC::DeclarativeTVC::Product" /* DeclarativeTVC.framework */,
				"DifferenceKit::DifferenceKit::Product" /* DifferenceKit.framework */,
				"DeclarativeTVC::DeclarativeTVCTests::Product" /* DeclarativeTVCTests.xctest */,
				C378D9BF256EFCF40073189B /* Example.app */,
			);
			name = Products;
			sourceTree = BUILT_PRODUCTS_DIR;
		};
		OBJ_5 = {
			isa = PBXGroup;
			children = (
				OBJ_6 /* Package.swift */,
				OBJ_50 /* LICENSE */,
				OBJ_51 /* DeclarativeTVC.podspec */,
				OBJ_52 /* README.md */,
				OBJ_7 /* Sources */,
				OBJ_25 /* Tests */,
				C378D9C0256EFCF40073189B /* Example */,
				OBJ_29 /* Dependencies */,
				OBJ_45 /* Products */,
				C378DA21256EFDA20073189B /* Frameworks */,
			);
			sourceTree = "<group>";
		};
		OBJ_7 /* Sources */ = {
			isa = PBXGroup;
			children = (
				OBJ_8 /* DeclarativeTVC */,
			);
			name = Sources;
			sourceTree = SOURCE_ROOT;
		};
		OBJ_8 /* DeclarativeTVC */ = {
			isa = PBXGroup;
			children = (
				OBJ_9 /* Cells */,
				OBJ_13 /* Collections */,
				OBJ_17 /* Tables */,
			);
			name = DeclarativeTVC;
			path = Sources/DeclarativeTVC;
			sourceTree = SOURCE_ROOT;
		};
		OBJ_9 /* Cells */ = {
			isa = PBXGroup;
			children = (
				OBJ_10 /* CellModel.swift */,
				OBJ_11 /* Command.swift */,
				OBJ_12 /* SelectableCell.swift */,
			);
			path = Cells;
			sourceTree = "<group>";
		};
/* End PBXGroup section */

/* Begin PBXNativeTarget section */
		C378D9BE256EFCF40073189B /* Example */ = {
			isa = PBXNativeTarget;
			buildConfigurationList = C378D9D0256EFCF50073189B /* Build configuration list for PBXNativeTarget "Example" */;
			buildPhases = (
				C378D9BB256EFCF40073189B /* Sources */,
				C378D9BC256EFCF40073189B /* Frameworks */,
				C378D9BD256EFCF40073189B /* Resources */,
				C378DA26256EFDA20073189B /* Embed Frameworks */,
			);
			buildRules = (
			);
			dependencies = (
				C378DA25256EFDA20073189B /* PBXTargetDependency */,
			);
			name = Example;
			productName = Example;
			productReference = C378D9BF256EFCF40073189B /* Example.app */;
			productType = "com.apple.product-type.application";
		};
		"DeclarativeTVC::DeclarativeTVC" /* DeclarativeTVC */ = {
			isa = PBXNativeTarget;
			buildConfigurationList = OBJ_54 /* Build configuration list for PBXNativeTarget "DeclarativeTVC" */;
			buildPhases = (
				OBJ_57 /* Sources */,
				OBJ_71 /* Frameworks */,
			);
			buildRules = (
			);
			dependencies = (
				OBJ_73 /* PBXTargetDependency */,
			);
			name = DeclarativeTVC;
			productName = DeclarativeTVC;
			productReference = "DeclarativeTVC::DeclarativeTVC::Product" /* DeclarativeTVC.framework */;
			productType = "com.apple.product-type.framework";
		};
		"DeclarativeTVC::DeclarativeTVCTests" /* DeclarativeTVCTests */ = {
			isa = PBXNativeTarget;
			buildConfigurationList = OBJ_87 /* Build configuration list for PBXNativeTarget "DeclarativeTVCTests" */;
			buildPhases = (
				OBJ_90 /* Sources */,
				OBJ_93 /* Frameworks */,
			);
			buildRules = (
			);
			dependencies = (
				OBJ_96 /* PBXTargetDependency */,
				OBJ_97 /* PBXTargetDependency */,
			);
			name = DeclarativeTVCTests;
			productName = DeclarativeTVCTests;
			productReference = "DeclarativeTVC::DeclarativeTVCTests::Product" /* DeclarativeTVCTests.xctest */;
			productType = "com.apple.product-type.bundle.unit-test";
		};
		"DeclarativeTVC::SwiftPMPackageDescription" /* DeclarativeTVCPackageDescription */ = {
			isa = PBXNativeTarget;
			buildConfigurationList = OBJ_76 /* Build configuration list for PBXNativeTarget "DeclarativeTVCPackageDescription" */;
			buildPhases = (
				OBJ_79 /* Sources */,
			);
			buildRules = (
			);
			dependencies = (
			);
			name = DeclarativeTVCPackageDescription;
			productName = DeclarativeTVCPackageDescription;
			productType = "com.apple.product-type.framework";
		};
		"DifferenceKit::DifferenceKit" /* DifferenceKit */ = {
			isa = PBXNativeTarget;
			buildConfigurationList = OBJ_98 /* Build configuration list for PBXNativeTarget "DifferenceKit" */;
			buildPhases = (
				OBJ_101 /* Sources */,
				OBJ_114 /* Frameworks */,
			);
			buildRules = (
			);
			dependencies = (
			);
			name = DifferenceKit;
			productName = DifferenceKit;
			productReference = "DifferenceKit::DifferenceKit::Product" /* DifferenceKit.framework */;
			productType = "com.apple.product-type.framework";
		};
		"DifferenceKit::SwiftPMPackageDescription" /* DifferenceKitPackageDescription */ = {
			isa = PBXNativeTarget;
			buildConfigurationList = OBJ_116 /* Build configuration list for PBXNativeTarget "DifferenceKitPackageDescription" */;
			buildPhases = (
				OBJ_119 /* Sources */,
			);
			buildRules = (
			);
			dependencies = (
			);
			name = DifferenceKitPackageDescription;
			productName = DifferenceKitPackageDescription;
			productType = "com.apple.product-type.framework";
		};
/* End PBXNativeTarget section */

/* Begin PBXProject section */
		OBJ_1 /* Project object */ = {
			isa = PBXProject;
			attributes = {
				LastSwiftMigration = 9999;
				LastSwiftUpdateCheck = 1220;
				LastUpgradeCheck = 9999;
				TargetAttributes = {
					C378D9BE256EFCF40073189B = {
						CreatedOnToolsVersion = 12.2;
						DevelopmentTeam = 42K94E5YQD;
						ProvisioningStyle = Automatic;
					};
				};
			};
			buildConfigurationList = OBJ_2 /* Build configuration list for PBXProject "DeclarativeTVC" */;
			compatibilityVersion = "Xcode 3.2";
			developmentRegion = en;
			hasScannedForEncodings = 0;
			knownRegions = (
				en,
				Base,
			);
			mainGroup = OBJ_5;
			productRefGroup = OBJ_45 /* Products */;
			projectDirPath = "";
			projectRoot = "";
			targets = (
				C378D9BE256EFCF40073189B /* Example */,
				"DeclarativeTVC::DeclarativeTVC" /* DeclarativeTVC */,
				"DeclarativeTVC::SwiftPMPackageDescription" /* DeclarativeTVCPackageDescription */,
				"DeclarativeTVC::DeclarativeTVCPackageTests::ProductTarget" /* DeclarativeTVCPackageTests */,
				"DeclarativeTVC::DeclarativeTVCTests" /* DeclarativeTVCTests */,
				"DifferenceKit::DifferenceKit" /* DifferenceKit */,
				"DifferenceKit::SwiftPMPackageDescription" /* DifferenceKitPackageDescription */,
			);
		};
/* End PBXProject section */

/* Begin PBXResourcesBuildPhase section */
		C378D9BD256EFCF40073189B /* Resources */ = {
			isa = PBXResourcesBuildPhase;
			buildActionMask = 2147483647;
			files = (
				C378D9CE256EFCF50073189B /* LaunchScreen.storyboard in Resources */,
				C378D9CB256EFCF50073189B /* Assets.xcassets in Resources */,
				C378D9C9256EFCF40073189B /* Main.storyboard in Resources */,
				C378D9FE256EFD380073189B /* SimpleXibCell.xib in Resources */,
			);
			runOnlyForDeploymentPostprocessing = 0;
		};
/* End PBXResourcesBuildPhase section */

/* Begin PBXSourcesBuildPhase section */
		C378D9BB256EFCF40073189B /* Sources */ = {
			isa = PBXSourcesBuildPhase;
			buildActionMask = 2147483647;
			files = (
				C378D9C2256EFCF40073189B /* AppDelegate.swift in Sources */,
				C378DA06256EFD380073189B /* HeaderCell.swift in Sources */,
				C378D9FC256EFD380073189B /* CheckedCell.swift in Sources */,
				C378DA02256EFD380073189B /* TextFieldCell.swift in Sources */,
				C378DA03256EFD380073189B /* SimpleSelectableCell.swift in Sources */,
				C378DA00256EFD380073189B /* SimpleCell.swift in Sources */,
				C378DA04256EFD380073189B /* SelectAnimationsCell.swift in Sources */,
				C378DA0B256EFD380073189B /* SelectAnimationsVC.swift in Sources */,
				C378DA07256EFD380073189B /* ColorSelectableCell.swift in Sources */,
				C378D9FB256EFD380073189B /* AnimationTypeSelectCell.swift in Sources */,
				C378DA0A256EFD380073189B /* SelectAnimationOptionVC.swift in Sources */,
				C378DA12256EFD380073189B /* HorizontalCVC.swift in Sources */,
				C378DA09256EFD380073189B /* CollectionRowVC.swift in Sources */,
				C378DA10256EFD380073189B /* CVC.swift in Sources */,
				C378D9C4256EFCF40073189B /* SceneDelegate.swift in Sources */,
				C378DA0F256EFD380073189B /* MainVC.swift in Sources */,
				C378DA08256EFD380073189B /* ColorCell.swift in Sources */,
				C378DA11256EFD380073189B /* VerticalCVC.swift in Sources */,
				C378DA0E256EFD380073189B /* GroupedTVC.swift in Sources */,
				C378D9FF256EFD380073189B /* SimpleCodeCell.swift in Sources */,
				C378D9FD256EFD380073189B /* ApplyAnimationsCell.swift in Sources */,
				C378DA01256EFD380073189B /* SimpleXibCell.swift in Sources */,
				C378DA0D256EFD380073189B /* TVC.swift in Sources */,
				C378D9F9256EFD380073189B /* State.swift in Sources */,
				C378D9FA256EFD380073189B /* CollectionCell.swift in Sources */,
				C378DA05256EFD380073189B /* HeaderView.swift in Sources */,
				C378DA0C256EFD380073189B /* DetailVC.swift in Sources */,
			);
			runOnlyForDeploymentPostprocessing = 0;
		};
		OBJ_101 /* Sources */ = {
			isa = PBXSourcesBuildPhase;
			buildActionMask = 0;
			files = (
				OBJ_102 /* Algorithm.swift in Sources */,
				OBJ_103 /* AnyDifferentiable.swift in Sources */,
				OBJ_104 /* ArraySection.swift in Sources */,
				OBJ_105 /* Changeset.swift in Sources */,
				OBJ_106 /* ContentEquatable.swift in Sources */,
				OBJ_107 /* ContentIdentifiable.swift in Sources */,
				OBJ_108 /* Differentiable.swift in Sources */,
				OBJ_109 /* DifferentiableSection.swift in Sources */,
				OBJ_110 /* ElementPath.swift in Sources */,
				OBJ_111 /* AppKitExtension.swift in Sources */,
				OBJ_112 /* UIKitExtension.swift in Sources */,
				OBJ_113 /* StagedChangeset.swift in Sources */,
			);
			runOnlyForDeploymentPostprocessing = 0;
		};
		OBJ_119 /* Sources */ = {
			isa = PBXSourcesBuildPhase;
			buildActionMask = 0;
			files = (
				OBJ_120 /* Package.swift in Sources */,
			);
			runOnlyForDeploymentPostprocessing = 0;
		};
		OBJ_57 /* Sources */ = {
			isa = PBXSourcesBuildPhase;
			buildActionMask = 0;
			files = (
				OBJ_58 /* CellModel.swift in Sources */,
				OBJ_59 /* Command.swift in Sources */,
				OBJ_60 /* SelectableCell.swift in Sources */,
				OBJ_61 /* CollectionDS.swift in Sources */,
				OBJ_62 /* CollectionModel.swift in Sources */,
				OBJ_63 /* DeclarativeCVC.swift in Sources */,
				OBJ_64 /* DeclarativeTVC+Animations.swift in Sources */,
				OBJ_65 /* DeclarativeTVC.swift in Sources */,
				OBJ_66 /* TableDS.swift in Sources */,
				OBJ_67 /* TableFooterModel.swift in Sources */,
				OBJ_68 /* TableHeaderModel.swift in Sources */,
				OBJ_69 /* TableModel.swift in Sources */,
				OBJ_70 /* UITableView+.swift in Sources */,
			);
			runOnlyForDeploymentPostprocessing = 0;
		};
		OBJ_79 /* Sources */ = {
			isa = PBXSourcesBuildPhase;
			buildActionMask = 0;
			files = (
				OBJ_80 /* Package.swift in Sources */,
			);
			runOnlyForDeploymentPostprocessing = 0;
		};
		OBJ_90 /* Sources */ = {
			isa = PBXSourcesBuildPhase;
			buildActionMask = 0;
			files = (
				OBJ_91 /* DeclarativeTVCTests.swift in Sources */,
				OBJ_92 /* XCTestManifests.swift in Sources */,
			);
			runOnlyForDeploymentPostprocessing = 0;
		};
/* End PBXSourcesBuildPhase section */

/* Begin PBXTargetDependency section */
		C378DA25256EFDA20073189B /* PBXTargetDependency */ = {
			isa = PBXTargetDependency;
			target = "DeclarativeTVC::DeclarativeTVC" /* DeclarativeTVC */;
			targetProxy = C378DA24256EFDA20073189B /* PBXContainerItemProxy */;
		};
		OBJ_73 /* PBXTargetDependency */ = {
			isa = PBXTargetDependency;
			target = "DifferenceKit::DifferenceKit" /* DifferenceKit */;
			targetProxy = C378D9B1256EFC5B0073189B /* PBXContainerItemProxy */;
		};
		OBJ_85 /* PBXTargetDependency */ = {
			isa = PBXTargetDependency;
			target = "DeclarativeTVC::DeclarativeTVCTests" /* DeclarativeTVCTests */;
			targetProxy = C378D9B6256EFC5D0073189B /* PBXContainerItemProxy */;
		};
		OBJ_96 /* PBXTargetDependency */ = {
			isa = PBXTargetDependency;
			target = "DeclarativeTVC::DeclarativeTVC" /* DeclarativeTVC */;
			targetProxy = C378D9B2256EFC5C0073189B /* PBXContainerItemProxy */;
		};
		OBJ_97 /* PBXTargetDependency */ = {
			isa = PBXTargetDependency;
			target = "DifferenceKit::DifferenceKit" /* DifferenceKit */;
			targetProxy = C378D9B3256EFC5C0073189B /* PBXContainerItemProxy */;
		};
/* End PBXTargetDependency section */

/* Begin PBXVariantGroup section */
		C378D9C7256EFCF40073189B /* Main.storyboard */ = {
			isa = PBXVariantGroup;
			children = (
				C378D9C8256EFCF40073189B /* Base */,
			);
			name = Main.storyboard;
			sourceTree = "<group>";
		};
		C378D9CC256EFCF50073189B /* LaunchScreen.storyboard */ = {
			isa = PBXVariantGroup;
			children = (
				C378D9CD256EFCF50073189B /* Base */,
			);
			name = LaunchScreen.storyboard;
			sourceTree = "<group>";
		};
/* End PBXVariantGroup section */

/* Begin XCBuildConfiguration section */
		C378D9D1256EFCF50073189B /* Debug */ = {
			isa = XCBuildConfiguration;
			buildSettings = {
				ALWAYS_SEARCH_USER_PATHS = NO;
				ASSETCATALOG_COMPILER_APPICON_NAME = AppIcon;
				ASSETCATALOG_COMPILER_GLOBAL_ACCENT_COLOR_NAME = AccentColor;
				CLANG_ANALYZER_NONNULL = YES;
				CLANG_ANALYZER_NUMBER_OBJECT_CONVERSION = YES_AGGRESSIVE;
				CLANG_CXX_LANGUAGE_STANDARD = "gnu++14";
				CLANG_CXX_LIBRARY = "libc++";
				CLANG_ENABLE_MODULES = YES;
				CLANG_ENABLE_OBJC_WEAK = YES;
				CLANG_WARN_BLOCK_CAPTURE_AUTORELEASING = YES;
				CLANG_WARN_BOOL_CONVERSION = YES;
				CLANG_WARN_COMMA = YES;
				CLANG_WARN_CONSTANT_CONVERSION = YES;
				CLANG_WARN_DEPRECATED_OBJC_IMPLEMENTATIONS = YES;
				CLANG_WARN_DIRECT_OBJC_ISA_USAGE = YES_ERROR;
				CLANG_WARN_DOCUMENTATION_COMMENTS = YES;
				CLANG_WARN_EMPTY_BODY = YES;
				CLANG_WARN_ENUM_CONVERSION = YES;
				CLANG_WARN_INFINITE_RECURSION = YES;
				CLANG_WARN_INT_CONVERSION = YES;
				CLANG_WARN_NON_LITERAL_NULL_CONVERSION = YES;
				CLANG_WARN_OBJC_IMPLICIT_RETAIN_SELF = YES;
				CLANG_WARN_OBJC_LITERAL_CONVERSION = YES;
				CLANG_WARN_OBJC_ROOT_CLASS = YES_ERROR;
				CLANG_WARN_QUOTED_INCLUDE_IN_FRAMEWORK_HEADER = YES;
				CLANG_WARN_RANGE_LOOP_ANALYSIS = YES;
				CLANG_WARN_STRICT_PROTOTYPES = YES;
				CLANG_WARN_SUSPICIOUS_MOVE = YES;
				CLANG_WARN_UNGUARDED_AVAILABILITY = YES_AGGRESSIVE;
				CLANG_WARN_UNREACHABLE_CODE = YES;
				CLANG_WARN__DUPLICATE_METHOD_MATCH = YES;
				CODE_SIGN_STYLE = Automatic;
				DEVELOPMENT_TEAM = 42K94E5YQD;
				ENABLE_STRICT_OBJC_MSGSEND = YES;
				ENABLE_TESTABILITY = YES;
				GCC_C_LANGUAGE_STANDARD = gnu11;
				GCC_DYNAMIC_NO_PIC = NO;
				GCC_NO_COMMON_BLOCKS = YES;
				GCC_PREPROCESSOR_DEFINITIONS = (
					"DEBUG=1",
					"$(inherited)",
				);
				GCC_WARN_64_TO_32_BIT_CONVERSION = YES;
				GCC_WARN_ABOUT_RETURN_TYPE = YES_ERROR;
				GCC_WARN_UNDECLARED_SELECTOR = YES;
				GCC_WARN_UNINITIALIZED_AUTOS = YES_AGGRESSIVE;
				GCC_WARN_UNUSED_FUNCTION = YES;
				GCC_WARN_UNUSED_VARIABLE = YES;
				INFOPLIST_FILE = Example/Info.plist;
				IPHONEOS_DEPLOYMENT_TARGET = 14.2;
				LD_RUNPATH_SEARCH_PATHS = "$(inherited) @executable_path/Frameworks";
				MTL_ENABLE_DEBUG_INFO = INCLUDE_SOURCE;
				MTL_FAST_MATH = YES;
				PRODUCT_BUNDLE_IDENTIFIER = com.kocherovets.Example;
				PRODUCT_NAME = "$(TARGET_NAME)";
				SDKROOT = iphoneos;
				SWIFT_ACTIVE_COMPILATION_CONDITIONS = DEBUG;
				SWIFT_VERSION = 5.0;
				TARGETED_DEVICE_FAMILY = "1,2";
			};
			name = Debug;
		};
		C378D9D2256EFCF50073189B /* Release */ = {
			isa = XCBuildConfiguration;
			buildSettings = {
				ALWAYS_SEARCH_USER_PATHS = NO;
				ASSETCATALOG_COMPILER_APPICON_NAME = AppIcon;
				ASSETCATALOG_COMPILER_GLOBAL_ACCENT_COLOR_NAME = AccentColor;
				CLANG_ANALYZER_NONNULL = YES;
				CLANG_ANALYZER_NUMBER_OBJECT_CONVERSION = YES_AGGRESSIVE;
				CLANG_CXX_LANGUAGE_STANDARD = "gnu++14";
				CLANG_CXX_LIBRARY = "libc++";
				CLANG_ENABLE_MODULES = YES;
				CLANG_ENABLE_OBJC_WEAK = YES;
				CLANG_WARN_BLOCK_CAPTURE_AUTORELEASING = YES;
				CLANG_WARN_BOOL_CONVERSION = YES;
				CLANG_WARN_COMMA = YES;
				CLANG_WARN_CONSTANT_CONVERSION = YES;
				CLANG_WARN_DEPRECATED_OBJC_IMPLEMENTATIONS = YES;
				CLANG_WARN_DIRECT_OBJC_ISA_USAGE = YES_ERROR;
				CLANG_WARN_DOCUMENTATION_COMMENTS = YES;
				CLANG_WARN_EMPTY_BODY = YES;
				CLANG_WARN_ENUM_CONVERSION = YES;
				CLANG_WARN_INFINITE_RECURSION = YES;
				CLANG_WARN_INT_CONVERSION = YES;
				CLANG_WARN_NON_LITERAL_NULL_CONVERSION = YES;
				CLANG_WARN_OBJC_IMPLICIT_RETAIN_SELF = YES;
				CLANG_WARN_OBJC_LITERAL_CONVERSION = YES;
				CLANG_WARN_OBJC_ROOT_CLASS = YES_ERROR;
				CLANG_WARN_QUOTED_INCLUDE_IN_FRAMEWORK_HEADER = YES;
				CLANG_WARN_RANGE_LOOP_ANALYSIS = YES;
				CLANG_WARN_STRICT_PROTOTYPES = YES;
				CLANG_WARN_SUSPICIOUS_MOVE = YES;
				CLANG_WARN_UNGUARDED_AVAILABILITY = YES_AGGRESSIVE;
				CLANG_WARN_UNREACHABLE_CODE = YES;
				CLANG_WARN__DUPLICATE_METHOD_MATCH = YES;
				CODE_SIGN_STYLE = Automatic;
				COPY_PHASE_STRIP = NO;
				DEVELOPMENT_TEAM = 42K94E5YQD;
				ENABLE_NS_ASSERTIONS = NO;
				ENABLE_STRICT_OBJC_MSGSEND = YES;
				GCC_C_LANGUAGE_STANDARD = gnu11;
				GCC_NO_COMMON_BLOCKS = YES;
				GCC_WARN_64_TO_32_BIT_CONVERSION = YES;
				GCC_WARN_ABOUT_RETURN_TYPE = YES_ERROR;
				GCC_WARN_UNDECLARED_SELECTOR = YES;
				GCC_WARN_UNINITIALIZED_AUTOS = YES_AGGRESSIVE;
				GCC_WARN_UNUSED_FUNCTION = YES;
				GCC_WARN_UNUSED_VARIABLE = YES;
				INFOPLIST_FILE = Example/Info.plist;
				IPHONEOS_DEPLOYMENT_TARGET = 14.2;
				LD_RUNPATH_SEARCH_PATHS = "$(inherited) @executable_path/Frameworks";
				MTL_ENABLE_DEBUG_INFO = NO;
				MTL_FAST_MATH = YES;
				PRODUCT_BUNDLE_IDENTIFIER = com.kocherovets.Example;
				PRODUCT_NAME = "$(TARGET_NAME)";
				SDKROOT = iphoneos;
				SWIFT_VERSION = 5.0;
				TARGETED_DEVICE_FAMILY = "1,2";
				VALIDATE_PRODUCT = YES;
			};
			name = Release;
		};
		OBJ_100 /* Release */ = {
			isa = XCBuildConfiguration;
			buildSettings = {
				ENABLE_TESTABILITY = YES;
				FRAMEWORK_SEARCH_PATHS = (
					"$(inherited)",
					"$(PLATFORM_DIR)/Developer/Library/Frameworks",
				);
				HEADER_SEARCH_PATHS = "$(inherited)";
				INFOPLIST_FILE = DeclarativeTVC.xcodeproj/DifferenceKit_Info.plist;
				IPHONEOS_DEPLOYMENT_TARGET = 9.0;
				LD_RUNPATH_SEARCH_PATHS = "$(inherited) $(TOOLCHAIN_DIR)/usr/lib/swift/macosx";
				MACOSX_DEPLOYMENT_TARGET = 10.10;
				OTHER_CFLAGS = "$(inherited)";
				OTHER_LDFLAGS = "$(inherited)";
				OTHER_SWIFT_FLAGS = "$(inherited)";
				PRODUCT_BUNDLE_IDENTIFIER = DifferenceKit;
				PRODUCT_MODULE_NAME = "$(TARGET_NAME:c99extidentifier)";
				PRODUCT_NAME = "$(TARGET_NAME:c99extidentifier)";
				SKIP_INSTALL = YES;
				SWIFT_ACTIVE_COMPILATION_CONDITIONS = "$(inherited)";
				SWIFT_VERSION = 5.0;
				TARGET_NAME = DifferenceKit;
				TVOS_DEPLOYMENT_TARGET = 9.0;
				WATCHOS_DEPLOYMENT_TARGET = 2.0;
			};
			name = Release;
		};
		OBJ_117 /* Debug */ = {
			isa = XCBuildConfiguration;
			buildSettings = {
				LD = /usr/bin/true;
				OTHER_SWIFT_FLAGS = "-swift-version 5 -I $(TOOLCHAIN_DIR)/usr/lib/swift/pm/4_2 -sdk /Applications/Xcode.app/Contents/Developer/Platforms/MacOSX.platform/Developer/SDKs/MacOSX11.0.sdk -package-description-version 5.0.0";
				SWIFT_VERSION = 5.0;
			};
			name = Debug;
		};
		OBJ_118 /* Release */ = {
			isa = XCBuildConfiguration;
			buildSettings = {
				LD = /usr/bin/true;
				OTHER_SWIFT_FLAGS = "-swift-version 5 -I $(TOOLCHAIN_DIR)/usr/lib/swift/pm/4_2 -sdk /Applications/Xcode.app/Contents/Developer/Platforms/MacOSX.platform/Developer/SDKs/MacOSX11.0.sdk -package-description-version 5.0.0";
				SWIFT_VERSION = 5.0;
			};
			name = Release;
		};
		OBJ_3 /* Debug */ = {
			isa = XCBuildConfiguration;
			buildSettings = {
				CLANG_ENABLE_OBJC_ARC = YES;
				COMBINE_HIDPI_IMAGES = YES;
				COPY_PHASE_STRIP = NO;
				DEBUG_INFORMATION_FORMAT = dwarf;
				DYLIB_INSTALL_NAME_BASE = "@rpath";
				ENABLE_NS_ASSERTIONS = YES;
				GCC_OPTIMIZATION_LEVEL = 0;
				GCC_PREPROCESSOR_DEFINITIONS = (
					"$(inherited)",
					"SWIFT_PACKAGE=1",
					"DEBUG=1",
				);
				MACOSX_DEPLOYMENT_TARGET = 10.10;
				ONLY_ACTIVE_ARCH = YES;
				OTHER_SWIFT_FLAGS = "$(inherited) -DXcode";
				PRODUCT_NAME = "$(TARGET_NAME)";
				SDKROOT = macosx;
				SUPPORTED_PLATFORMS = "macosx iphoneos iphonesimulator appletvos appletvsimulator watchos watchsimulator";
				SWIFT_ACTIVE_COMPILATION_CONDITIONS = "$(inherited) SWIFT_PACKAGE DEBUG";
				SWIFT_OPTIMIZATION_LEVEL = "-Onone";
				USE_HEADERMAP = NO;
			};
			name = Debug;
		};
		OBJ_4 /* Release */ = {
			isa = XCBuildConfiguration;
			buildSettings = {
				CLANG_ENABLE_OBJC_ARC = YES;
				COMBINE_HIDPI_IMAGES = YES;
				COPY_PHASE_STRIP = YES;
				DEBUG_INFORMATION_FORMAT = "dwarf-with-dsym";
				DYLIB_INSTALL_NAME_BASE = "@rpath";
				GCC_OPTIMIZATION_LEVEL = s;
				GCC_PREPROCESSOR_DEFINITIONS = (
					"$(inherited)",
					"SWIFT_PACKAGE=1",
				);
				MACOSX_DEPLOYMENT_TARGET = 10.10;
				OTHER_SWIFT_FLAGS = "$(inherited) -DXcode";
				PRODUCT_NAME = "$(TARGET_NAME)";
				SDKROOT = macosx;
				SUPPORTED_PLATFORMS = "macosx iphoneos iphonesimulator appletvos appletvsimulator watchos watchsimulator";
				SWIFT_ACTIVE_COMPILATION_CONDITIONS = "$(inherited) SWIFT_PACKAGE";
				SWIFT_OPTIMIZATION_LEVEL = "-Owholemodule";
				USE_HEADERMAP = NO;
			};
			name = Release;
		};
		OBJ_55 /* Debug */ = {
			isa = XCBuildConfiguration;
			buildSettings = {
				ENABLE_TESTABILITY = YES;
				FRAMEWORK_SEARCH_PATHS = (
					"$(inherited)",
					"$(PLATFORM_DIR)/Developer/Library/Frameworks",
				);
				HEADER_SEARCH_PATHS = "$(inherited)";
				INFOPLIST_FILE = DeclarativeTVC.xcodeproj/DeclarativeTVC_Info.plist;
				IPHONEOS_DEPLOYMENT_TARGET = 11.0;
				LD_RUNPATH_SEARCH_PATHS = "$(inherited) $(TOOLCHAIN_DIR)/usr/lib/swift/macosx";
				MACOSX_DEPLOYMENT_TARGET = 10.10;
				OTHER_CFLAGS = "$(inherited)";
				OTHER_LDFLAGS = "$(inherited)";
				OTHER_SWIFT_FLAGS = "$(inherited)";
				PRODUCT_BUNDLE_IDENTIFIER = DeclarativeTVC;
				PRODUCT_MODULE_NAME = "$(TARGET_NAME:c99extidentifier)";
				PRODUCT_NAME = "$(TARGET_NAME:c99extidentifier)";
				SKIP_INSTALL = YES;
				SWIFT_ACTIVE_COMPILATION_CONDITIONS = "$(inherited)";
				SWIFT_VERSION = 5.0;
				TARGET_NAME = DeclarativeTVC;
				TVOS_DEPLOYMENT_TARGET = 9.0;
				WATCHOS_DEPLOYMENT_TARGET = 2.0;
			};
			name = Debug;
		};
		OBJ_56 /* Release */ = {
			isa = XCBuildConfiguration;
			buildSettings = {
				ENABLE_TESTABILITY = YES;
				FRAMEWORK_SEARCH_PATHS = (
					"$(inherited)",
					"$(PLATFORM_DIR)/Developer/Library/Frameworks",
				);
				HEADER_SEARCH_PATHS = "$(inherited)";
				INFOPLIST_FILE = DeclarativeTVC.xcodeproj/DeclarativeTVC_Info.plist;
				IPHONEOS_DEPLOYMENT_TARGET = 11.0;
				LD_RUNPATH_SEARCH_PATHS = "$(inherited) $(TOOLCHAIN_DIR)/usr/lib/swift/macosx";
				MACOSX_DEPLOYMENT_TARGET = 10.10;
				OTHER_CFLAGS = "$(inherited)";
				OTHER_LDFLAGS = "$(inherited)";
				OTHER_SWIFT_FLAGS = "$(inherited)";
				PRODUCT_BUNDLE_IDENTIFIER = DeclarativeTVC;
				PRODUCT_MODULE_NAME = "$(TARGET_NAME:c99extidentifier)";
				PRODUCT_NAME = "$(TARGET_NAME:c99extidentifier)";
				SKIP_INSTALL = YES;
				SWIFT_ACTIVE_COMPILATION_CONDITIONS = "$(inherited)";
				SWIFT_VERSION = 5.0;
				TARGET_NAME = DeclarativeTVC;
				TVOS_DEPLOYMENT_TARGET = 9.0;
				WATCHOS_DEPLOYMENT_TARGET = 2.0;
			};
			name = Release;
		};
		OBJ_77 /* Debug */ = {
			isa = XCBuildConfiguration;
			buildSettings = {
				LD = /usr/bin/true;
				OTHER_SWIFT_FLAGS = "-swift-version 5 -I $(TOOLCHAIN_DIR)/usr/lib/swift/pm/4_2 -sdk /Applications/Xcode.app/Contents/Developer/Platforms/MacOSX.platform/Developer/SDKs/MacOSX11.0.sdk -package-description-version 5.3.0";
				SWIFT_VERSION = 5.0;
			};
			name = Debug;
		};
		OBJ_78 /* Release */ = {
			isa = XCBuildConfiguration;
			buildSettings = {
				LD = /usr/bin/true;
				OTHER_SWIFT_FLAGS = "-swift-version 5 -I $(TOOLCHAIN_DIR)/usr/lib/swift/pm/4_2 -sdk /Applications/Xcode.app/Contents/Developer/Platforms/MacOSX.platform/Developer/SDKs/MacOSX11.0.sdk -package-description-version 5.3.0";
				SWIFT_VERSION = 5.0;
			};
			name = Release;
		};
		OBJ_83 /* Debug */ = {
			isa = XCBuildConfiguration;
			buildSettings = {
			};
			name = Debug;
		};
		OBJ_84 /* Release */ = {
			isa = XCBuildConfiguration;
			buildSettings = {
			};
			name = Release;
		};
		OBJ_88 /* Debug */ = {
			isa = XCBuildConfiguration;
			buildSettings = {
				CLANG_ENABLE_MODULES = YES;
				EMBEDDED_CONTENT_CONTAINS_SWIFT = YES;
				FRAMEWORK_SEARCH_PATHS = (
					"$(inherited)",
					"$(PLATFORM_DIR)/Developer/Library/Frameworks",
				);
				HEADER_SEARCH_PATHS = "$(inherited)";
				INFOPLIST_FILE = DeclarativeTVC.xcodeproj/DeclarativeTVCTests_Info.plist;
				IPHONEOS_DEPLOYMENT_TARGET = 14.0;
				LD_RUNPATH_SEARCH_PATHS = "$(inherited) @loader_path/../Frameworks @loader_path/Frameworks";
				MACOSX_DEPLOYMENT_TARGET = 10.15;
				OTHER_CFLAGS = "$(inherited)";
				OTHER_LDFLAGS = "$(inherited)";
				OTHER_SWIFT_FLAGS = "$(inherited)";
				SWIFT_ACTIVE_COMPILATION_CONDITIONS = "$(inherited)";
				SWIFT_VERSION = 5.0;
				TARGET_NAME = DeclarativeTVCTests;
				TVOS_DEPLOYMENT_TARGET = 9.0;
				WATCHOS_DEPLOYMENT_TARGET = 2.0;
			};
			name = Debug;
		};
		OBJ_89 /* Release */ = {
			isa = XCBuildConfiguration;
			buildSettings = {
				CLANG_ENABLE_MODULES = YES;
				EMBEDDED_CONTENT_CONTAINS_SWIFT = YES;
				FRAMEWORK_SEARCH_PATHS = (
					"$(inherited)",
					"$(PLATFORM_DIR)/Developer/Library/Frameworks",
				);
				HEADER_SEARCH_PATHS = "$(inherited)";
				INFOPLIST_FILE = DeclarativeTVC.xcodeproj/DeclarativeTVCTests_Info.plist;
				IPHONEOS_DEPLOYMENT_TARGET = 14.0;
				LD_RUNPATH_SEARCH_PATHS = "$(inherited) @loader_path/../Frameworks @loader_path/Frameworks";
				MACOSX_DEPLOYMENT_TARGET = 10.15;
				OTHER_CFLAGS = "$(inherited)";
				OTHER_LDFLAGS = "$(inherited)";
				OTHER_SWIFT_FLAGS = "$(inherited)";
				SWIFT_ACTIVE_COMPILATION_CONDITIONS = "$(inherited)";
				SWIFT_VERSION = 5.0;
				TARGET_NAME = DeclarativeTVCTests;
				TVOS_DEPLOYMENT_TARGET = 9.0;
				WATCHOS_DEPLOYMENT_TARGET = 2.0;
			};
			name = Release;
		};
		OBJ_99 /* Debug */ = {
			isa = XCBuildConfiguration;
			buildSettings = {
				ENABLE_TESTABILITY = YES;
				FRAMEWORK_SEARCH_PATHS = (
					"$(inherited)",
					"$(PLATFORM_DIR)/Developer/Library/Frameworks",
				);
				HEADER_SEARCH_PATHS = "$(inherited)";
				INFOPLIST_FILE = DeclarativeTVC.xcodeproj/DifferenceKit_Info.plist;
				IPHONEOS_DEPLOYMENT_TARGET = 9.0;
				LD_RUNPATH_SEARCH_PATHS = "$(inherited) $(TOOLCHAIN_DIR)/usr/lib/swift/macosx";
				MACOSX_DEPLOYMENT_TARGET = 10.10;
				OTHER_CFLAGS = "$(inherited)";
				OTHER_LDFLAGS = "$(inherited)";
				OTHER_SWIFT_FLAGS = "$(inherited)";
				PRODUCT_BUNDLE_IDENTIFIER = DifferenceKit;
				PRODUCT_MODULE_NAME = "$(TARGET_NAME:c99extidentifier)";
				PRODUCT_NAME = "$(TARGET_NAME:c99extidentifier)";
				SKIP_INSTALL = YES;
				SWIFT_ACTIVE_COMPILATION_CONDITIONS = "$(inherited)";
				SWIFT_VERSION = 5.0;
				TARGET_NAME = DifferenceKit;
				TVOS_DEPLOYMENT_TARGET = 9.0;
				WATCHOS_DEPLOYMENT_TARGET = 2.0;
			};
			name = Debug;
		};
/* End XCBuildConfiguration section */

/* Begin XCConfigurationList section */
		C378D9D0256EFCF50073189B /* Build configuration list for PBXNativeTarget "Example" */ = {
			isa = XCConfigurationList;
			buildConfigurations = (
				C378D9D1256EFCF50073189B /* Debug */,
				C378D9D2256EFCF50073189B /* Release */,
			);
			defaultConfigurationIsVisible = 0;
			defaultConfigurationName = Release;
		};
		OBJ_116 /* Build configuration list for PBXNativeTarget "DifferenceKitPackageDescription" */ = {
			isa = XCConfigurationList;
			buildConfigurations = (
				OBJ_117 /* Debug */,
				OBJ_118 /* Release */,
			);
			defaultConfigurationIsVisible = 0;
			defaultConfigurationName = Release;
		};
		OBJ_2 /* Build configuration list for PBXProject "DeclarativeTVC" */ = {
			isa = XCConfigurationList;
			buildConfigurations = (
				OBJ_3 /* Debug */,
				OBJ_4 /* Release */,
			);
			defaultConfigurationIsVisible = 0;
			defaultConfigurationName = Release;
		};
		OBJ_54 /* Build configuration list for PBXNativeTarget "DeclarativeTVC" */ = {
			isa = XCConfigurationList;
			buildConfigurations = (
				OBJ_55 /* Debug */,
				OBJ_56 /* Release */,
			);
			defaultConfigurationIsVisible = 0;
			defaultConfigurationName = Release;
		};
		OBJ_76 /* Build configuration list for PBXNativeTarget "DeclarativeTVCPackageDescription" */ = {
			isa = XCConfigurationList;
			buildConfigurations = (
				OBJ_77 /* Debug */,
				OBJ_78 /* Release */,
			);
			defaultConfigurationIsVisible = 0;
			defaultConfigurationName = Release;
		};
		OBJ_82 /* Build configuration list for PBXAggregateTarget "DeclarativeTVCPackageTests" */ = {
			isa = XCConfigurationList;
			buildConfigurations = (
				OBJ_83 /* Debug */,
				OBJ_84 /* Release */,
			);
			defaultConfigurationIsVisible = 0;
			defaultConfigurationName = Release;
		};
		OBJ_87 /* Build configuration list for PBXNativeTarget "DeclarativeTVCTests" */ = {
			isa = XCConfigurationList;
			buildConfigurations = (
				OBJ_88 /* Debug */,
				OBJ_89 /* Release */,
			);
			defaultConfigurationIsVisible = 0;
			defaultConfigurationName = Release;
		};
		OBJ_98 /* Build configuration list for PBXNativeTarget "DifferenceKit" */ = {
			isa = XCConfigurationList;
			buildConfigurations = (
				OBJ_99 /* Debug */,
				OBJ_100 /* Release */,
			);
			defaultConfigurationIsVisible = 0;
			defaultConfigurationName = Release;
		};
/* End XCConfigurationList section */
	};
	rootObject = OBJ_1 /* Project object */;
}
