// !$*UTF8*$!
{
	archiveVersion = 1;
	classes = {
	};
	objectVersion = 52;
	objects = {

/* Begin PBXBuildFile section */
		C3320BA9236F624200141724 /* CollectionCell.swift in Sources */ = {isa = PBXBuildFile; fileRef = C3320BA8236F61D600141724 /* CollectionCell.swift */; };
		C3320BAA236F624200141724 /* CollectionCell.swift in Sources */ = {isa = PBXBuildFile; fileRef = C3320BA8236F61D600141724 /* CollectionCell.swift */; };
		C3320BAB236F624300141724 /* CollectionCell.swift in Sources */ = {isa = PBXBuildFile; fileRef = C3320BA8236F61D600141724 /* CollectionCell.swift */; };
		C3320BB1236F660B00141724 /* CollectionRowVC.swift in Sources */ = {isa = PBXBuildFile; fileRef = C3320BB0236F660B00141724 /* CollectionRowVC.swift */; };
		C3320BB2236F660B00141724 /* CollectionRowVC.swift in Sources */ = {isa = PBXBuildFile; fileRef = C3320BB0236F660B00141724 /* CollectionRowVC.swift */; };
		C3320BB3236F660B00141724 /* CollectionRowVC.swift in Sources */ = {isa = PBXBuildFile; fileRef = C3320BB0236F660B00141724 /* CollectionRowVC.swift */; };
		C360A10D2563CCB900587CC3 /* GroupedTVC.swift in Sources */ = {isa = PBXBuildFile; fileRef = C360A10C2563CCB900587CC3 /* GroupedTVC.swift */; };
		C3709F6F239C5D4C00CC8DD8 /* SimpleCodeCell.swift in Sources */ = {isa = PBXBuildFile; fileRef = C3709F6E239C5D4B00CC8DD8 /* SimpleCodeCell.swift */; };
		C378D976256EF3DB0073189B /* DeclarativeTVC in Frameworks */ = {isa = PBXBuildFile; productRef = C378D975256EF3DB0073189B /* DeclarativeTVC */; };
		C38ECC99236DBC5300C27753 /* AppDelegate.swift in Sources */ = {isa = PBXBuildFile; fileRef = C38ECC98236DBC5300C27753 /* AppDelegate.swift */; };
		C38ECC9B236DBC5300C27753 /* SceneDelegate.swift in Sources */ = {isa = PBXBuildFile; fileRef = C38ECC9A236DBC5300C27753 /* SceneDelegate.swift */; };
		C38ECCA0236DBC5300C27753 /* Main.storyboard in Resources */ = {isa = PBXBuildFile; fileRef = C38ECC9E236DBC5300C27753 /* Main.storyboard */; };
		C38ECCA2236DBC5600C27753 /* Assets.xcassets in Resources */ = {isa = PBXBuildFile; fileRef = C38ECCA1236DBC5600C27753 /* Assets.xcassets */; };
		C38ECCA5236DBC5600C27753 /* LaunchScreen.storyboard in Resources */ = {isa = PBXBuildFile; fileRef = C38ECCA3236DBC5600C27753 /* LaunchScreen.storyboard */; };
		C38ECCB0236DBC5600C27753 /* DeclarativeTVCTests.swift in Sources */ = {isa = PBXBuildFile; fileRef = C38ECCAF236DBC5600C27753 /* DeclarativeTVCTests.swift */; };
		C38ECCBB236DBC5600C27753 /* DeclarativeTVCUITests.swift in Sources */ = {isa = PBXBuildFile; fileRef = C38ECCBA236DBC5600C27753 /* DeclarativeTVCUITests.swift */; };
		C38ECCEB236DC33B00C27753 /* State.swift in Sources */ = {isa = PBXBuildFile; fileRef = C38ECCEA236DC33B00C27753 /* State.swift */; };
		C38ECCEC236DC33B00C27753 /* State.swift in Sources */ = {isa = PBXBuildFile; fileRef = C38ECCEA236DC33B00C27753 /* State.swift */; };
		C38ECCED236DC33B00C27753 /* State.swift in Sources */ = {isa = PBXBuildFile; fileRef = C38ECCEA236DC33B00C27753 /* State.swift */; };
		C38ECCF0236DC35900C27753 /* AnimationTypeSelectCell.swift in Sources */ = {isa = PBXBuildFile; fileRef = C38ECCEF236DC35900C27753 /* AnimationTypeSelectCell.swift */; };
		C38ECCF1236DC35900C27753 /* AnimationTypeSelectCell.swift in Sources */ = {isa = PBXBuildFile; fileRef = C38ECCEF236DC35900C27753 /* AnimationTypeSelectCell.swift */; };
		C38ECCF2236DC35900C27753 /* AnimationTypeSelectCell.swift in Sources */ = {isa = PBXBuildFile; fileRef = C38ECCEF236DC35900C27753 /* AnimationTypeSelectCell.swift */; };
		C38ECCF4236DC37100C27753 /* CheckedCell.swift in Sources */ = {isa = PBXBuildFile; fileRef = C38ECCF3236DC37100C27753 /* CheckedCell.swift */; };
		C38ECCF5236DC37100C27753 /* CheckedCell.swift in Sources */ = {isa = PBXBuildFile; fileRef = C38ECCF3236DC37100C27753 /* CheckedCell.swift */; };
		C38ECCF6236DC37100C27753 /* CheckedCell.swift in Sources */ = {isa = PBXBuildFile; fileRef = C38ECCF3236DC37100C27753 /* CheckedCell.swift */; };
		C38ECCF8236DC38200C27753 /* ApplyAnimationsCell.swift in Sources */ = {isa = PBXBuildFile; fileRef = C38ECCF7236DC38200C27753 /* ApplyAnimationsCell.swift */; };
		C38ECCF9236DC38200C27753 /* ApplyAnimationsCell.swift in Sources */ = {isa = PBXBuildFile; fileRef = C38ECCF7236DC38200C27753 /* ApplyAnimationsCell.swift */; };
		C38ECCFA236DC38200C27753 /* ApplyAnimationsCell.swift in Sources */ = {isa = PBXBuildFile; fileRef = C38ECCF7236DC38200C27753 /* ApplyAnimationsCell.swift */; };
		C38ECCFC236DC39500C27753 /* SimpleCell.swift in Sources */ = {isa = PBXBuildFile; fileRef = C38ECCFB236DC39500C27753 /* SimpleCell.swift */; };
		C38ECCFD236DC39500C27753 /* SimpleCell.swift in Sources */ = {isa = PBXBuildFile; fileRef = C38ECCFB236DC39500C27753 /* SimpleCell.swift */; };
		C38ECCFE236DC39500C27753 /* SimpleCell.swift in Sources */ = {isa = PBXBuildFile; fileRef = C38ECCFB236DC39500C27753 /* SimpleCell.swift */; };
		C38ECD00236DC3A900C27753 /* TextFieldCell.swift in Sources */ = {isa = PBXBuildFile; fileRef = C38ECCFF236DC3A900C27753 /* TextFieldCell.swift */; };
		C38ECD01236DC3A900C27753 /* TextFieldCell.swift in Sources */ = {isa = PBXBuildFile; fileRef = C38ECCFF236DC3A900C27753 /* TextFieldCell.swift */; };
		C38ECD02236DC3A900C27753 /* TextFieldCell.swift in Sources */ = {isa = PBXBuildFile; fileRef = C38ECCFF236DC3A900C27753 /* TextFieldCell.swift */; };
		C38ECD04236DC3BB00C27753 /* SimpleSelectableCell.swift in Sources */ = {isa = PBXBuildFile; fileRef = C38ECD03236DC3BB00C27753 /* SimpleSelectableCell.swift */; };
		C38ECD05236DC3BB00C27753 /* SimpleSelectableCell.swift in Sources */ = {isa = PBXBuildFile; fileRef = C38ECD03236DC3BB00C27753 /* SimpleSelectableCell.swift */; };
		C38ECD06236DC3BB00C27753 /* SimpleSelectableCell.swift in Sources */ = {isa = PBXBuildFile; fileRef = C38ECD03236DC3BB00C27753 /* SimpleSelectableCell.swift */; };
		C38ECD08236DC3CE00C27753 /* SelectAnimationsCell.swift in Sources */ = {isa = PBXBuildFile; fileRef = C38ECD07236DC3CE00C27753 /* SelectAnimationsCell.swift */; };
		C38ECD09236DC3CE00C27753 /* SelectAnimationsCell.swift in Sources */ = {isa = PBXBuildFile; fileRef = C38ECD07236DC3CE00C27753 /* SelectAnimationsCell.swift */; };
		C38ECD0A236DC3CE00C27753 /* SelectAnimationsCell.swift in Sources */ = {isa = PBXBuildFile; fileRef = C38ECD07236DC3CE00C27753 /* SelectAnimationsCell.swift */; };
		C38ECD0C236DC3DF00C27753 /* HeaderView.swift in Sources */ = {isa = PBXBuildFile; fileRef = C38ECD0B236DC3DE00C27753 /* HeaderView.swift */; };
		C38ECD0D236DC3DF00C27753 /* HeaderView.swift in Sources */ = {isa = PBXBuildFile; fileRef = C38ECD0B236DC3DE00C27753 /* HeaderView.swift */; };
		C38ECD0E236DC3DF00C27753 /* HeaderView.swift in Sources */ = {isa = PBXBuildFile; fileRef = C38ECD0B236DC3DE00C27753 /* HeaderView.swift */; };
		C38ECD10236DC3EF00C27753 /* HeaderCell.swift in Sources */ = {isa = PBXBuildFile; fileRef = C38ECD0F236DC3EF00C27753 /* HeaderCell.swift */; };
		C38ECD11236DC3EF00C27753 /* HeaderCell.swift in Sources */ = {isa = PBXBuildFile; fileRef = C38ECD0F236DC3EF00C27753 /* HeaderCell.swift */; };
		C38ECD12236DC3EF00C27753 /* HeaderCell.swift in Sources */ = {isa = PBXBuildFile; fileRef = C38ECD0F236DC3EF00C27753 /* HeaderCell.swift */; };
		C38ECD19236DC44400C27753 /* MainVC.swift in Sources */ = {isa = PBXBuildFile; fileRef = C38ECD18236DC44400C27753 /* MainVC.swift */; };
		C38ECD1A236DC44400C27753 /* MainVC.swift in Sources */ = {isa = PBXBuildFile; fileRef = C38ECD18236DC44400C27753 /* MainVC.swift */; };
		C38ECD1B236DC44400C27753 /* MainVC.swift in Sources */ = {isa = PBXBuildFile; fileRef = C38ECD18236DC44400C27753 /* MainVC.swift */; };
		C38ECD1D236DC45700C27753 /* DetailVC.swift in Sources */ = {isa = PBXBuildFile; fileRef = C38ECD1C236DC45700C27753 /* DetailVC.swift */; };
		C38ECD1E236DC45700C27753 /* DetailVC.swift in Sources */ = {isa = PBXBuildFile; fileRef = C38ECD1C236DC45700C27753 /* DetailVC.swift */; };
		C38ECD1F236DC45700C27753 /* DetailVC.swift in Sources */ = {isa = PBXBuildFile; fileRef = C38ECD1C236DC45700C27753 /* DetailVC.swift */; };
		C38ECD21236DC46A00C27753 /* SelectAnimationsVC.swift in Sources */ = {isa = PBXBuildFile; fileRef = C38ECD20236DC46A00C27753 /* SelectAnimationsVC.swift */; };
		C38ECD22236DC46A00C27753 /* SelectAnimationsVC.swift in Sources */ = {isa = PBXBuildFile; fileRef = C38ECD20236DC46A00C27753 /* SelectAnimationsVC.swift */; };
		C38ECD23236DC46A00C27753 /* SelectAnimationsVC.swift in Sources */ = {isa = PBXBuildFile; fileRef = C38ECD20236DC46A00C27753 /* SelectAnimationsVC.swift */; };
		C38ECD25236DC47E00C27753 /* SelectAnimationOptionVC.swift in Sources */ = {isa = PBXBuildFile; fileRef = C38ECD24236DC47E00C27753 /* SelectAnimationOptionVC.swift */; };
		C38ECD26236DC47E00C27753 /* SelectAnimationOptionVC.swift in Sources */ = {isa = PBXBuildFile; fileRef = C38ECD24236DC47E00C27753 /* SelectAnimationOptionVC.swift */; };
		C38ECD27236DC47E00C27753 /* SelectAnimationOptionVC.swift in Sources */ = {isa = PBXBuildFile; fileRef = C38ECD24236DC47E00C27753 /* SelectAnimationOptionVC.swift */; };
		C3FB1AD6236F2FA300C1B48A /* TVC.swift in Sources */ = {isa = PBXBuildFile; fileRef = C3FB1AD5236F2FA300C1B48A /* TVC.swift */; };
		C3FB1AD7236F2FA300C1B48A /* TVC.swift in Sources */ = {isa = PBXBuildFile; fileRef = C3FB1AD5236F2FA300C1B48A /* TVC.swift */; };
		C3FB1AD8236F2FA300C1B48A /* TVC.swift in Sources */ = {isa = PBXBuildFile; fileRef = C3FB1AD5236F2FA300C1B48A /* TVC.swift */; };
		C3FB1ADD236F321C00C1B48A /* ColorCell.swift in Sources */ = {isa = PBXBuildFile; fileRef = C3FB1ADC236F321C00C1B48A /* ColorCell.swift */; };
		C3FB1ADE236F321C00C1B48A /* ColorCell.swift in Sources */ = {isa = PBXBuildFile; fileRef = C3FB1ADC236F321C00C1B48A /* ColorCell.swift */; };
		C3FB1ADF236F321C00C1B48A /* ColorCell.swift in Sources */ = {isa = PBXBuildFile; fileRef = C3FB1ADC236F321C00C1B48A /* ColorCell.swift */; };
		C3FB1AE1236F339E00C1B48A /* VerticalCVC.swift in Sources */ = {isa = PBXBuildFile; fileRef = C3FB1AE0236F339E00C1B48A /* VerticalCVC.swift */; };
		C3FB1AE2236F339E00C1B48A /* VerticalCVC.swift in Sources */ = {isa = PBXBuildFile; fileRef = C3FB1AE0236F339E00C1B48A /* VerticalCVC.swift */; };
		C3FB1AE3236F339E00C1B48A /* VerticalCVC.swift in Sources */ = {isa = PBXBuildFile; fileRef = C3FB1AE0236F339E00C1B48A /* VerticalCVC.swift */; };
		C3FB1AE5236F345100C1B48A /* CVC.swift in Sources */ = {isa = PBXBuildFile; fileRef = C3FB1AE4236F345100C1B48A /* CVC.swift */; };
		C3FB1AE6236F345100C1B48A /* CVC.swift in Sources */ = {isa = PBXBuildFile; fileRef = C3FB1AE4236F345100C1B48A /* CVC.swift */; };
		C3FB1AE7236F345100C1B48A /* CVC.swift in Sources */ = {isa = PBXBuildFile; fileRef = C3FB1AE4236F345100C1B48A /* CVC.swift */; };
		C3FB1AE9236F476D00C1B48A /* HorizontalCVC.swift in Sources */ = {isa = PBXBuildFile; fileRef = C3FB1AE8236F470500C1B48A /* HorizontalCVC.swift */; };
		C3FB1AEA236F476D00C1B48A /* HorizontalCVC.swift in Sources */ = {isa = PBXBuildFile; fileRef = C3FB1AE8236F470500C1B48A /* HorizontalCVC.swift */; };
		C3FB1AEB236F476E00C1B48A /* HorizontalCVC.swift in Sources */ = {isa = PBXBuildFile; fileRef = C3FB1AE8236F470500C1B48A /* HorizontalCVC.swift */; };
		C3FB1AED236F48D400C1B48A /* ColorSelectableCell.swift in Sources */ = {isa = PBXBuildFile; fileRef = C3FB1AEC236F48D300C1B48A /* ColorSelectableCell.swift */; };
		C3FB1AEE236F48D400C1B48A /* ColorSelectableCell.swift in Sources */ = {isa = PBXBuildFile; fileRef = C3FB1AEC236F48D300C1B48A /* ColorSelectableCell.swift */; };
		C3FB1AEF236F48D400C1B48A /* ColorSelectableCell.swift in Sources */ = {isa = PBXBuildFile; fileRef = C3FB1AEC236F48D300C1B48A /* ColorSelectableCell.swift */; };
		C3FCDA832394684D00EC716A /* SimpleXibCell.swift in Sources */ = {isa = PBXBuildFile; fileRef = C3FCDA812394684D00EC716A /* SimpleXibCell.swift */; };
		C3FCDA842394684D00EC716A /* SimpleXibCell.xib in Resources */ = {isa = PBXBuildFile; fileRef = C3FCDA822394684D00EC716A /* SimpleXibCell.xib */; };
/* End PBXBuildFile section */

/* Begin PBXContainerItemProxy section */
		C38ECCAC236DBC5600C27753 /* PBXContainerItemProxy */ = {
			isa = PBXContainerItemProxy;
			containerPortal = C38ECC8D236DBC5300C27753 /* Project object */;
			proxyType = 1;
			remoteGlobalIDString = C38ECC94236DBC5300C27753;
			remoteInfo = DeclarativeTVC;
		};
		C38ECCB7236DBC5600C27753 /* PBXContainerItemProxy */ = {
			isa = PBXContainerItemProxy;
			containerPortal = C38ECC8D236DBC5300C27753 /* Project object */;
			proxyType = 1;
			remoteGlobalIDString = C38ECC94236DBC5300C27753;
			remoteInfo = DeclarativeTVC;
		};
/* End PBXContainerItemProxy section */

/* Begin PBXCopyFilesBuildPhase section */
		C3FEAC0B2397ED17009CCA25 /* Embed Frameworks */ = {
			isa = PBXCopyFilesBuildPhase;
			buildActionMask = 2147483647;
			dstPath = "";
			dstSubfolderSpec = 10;
			files = (
			);
			name = "Embed Frameworks";
			runOnlyForDeploymentPostprocessing = 0;
		};
/* End PBXCopyFilesBuildPhase section */

/* Begin PBXFileReference section */
		C3320BA8236F61D600141724 /* CollectionCell.swift */ = {isa = PBXFileReference; lastKnownFileType = sourcecode.swift; path = CollectionCell.swift; sourceTree = "<group>"; };
		C3320BB0236F660B00141724 /* CollectionRowVC.swift */ = {isa = PBXFileReference; lastKnownFileType = sourcecode.swift; path = CollectionRowVC.swift; sourceTree = "<group>"; };
		C360A10C2563CCB900587CC3 /* GroupedTVC.swift */ = {isa = PBXFileReference; lastKnownFileType = sourcecode.swift; path = GroupedTVC.swift; sourceTree = "<group>"; };
		C3709F6E239C5D4B00CC8DD8 /* SimpleCodeCell.swift */ = {isa = PBXFileReference; lastKnownFileType = sourcecode.swift; path = SimpleCodeCell.swift; sourceTree = "<group>"; };
		C378D95E256EEE680073189B /* DeclarativeTVC */ = {isa = PBXFileReference; lastKnownFileType = folder; path = DeclarativeTVC; sourceTree = "<group>"; };
		C38ECC95236DBC5300C27753 /* Example.app */ = {isa = PBXFileReference; explicitFileType = wrapper.application; includeInIndex = 0; path = Example.app; sourceTree = BUILT_PRODUCTS_DIR; };
		C38ECC98236DBC5300C27753 /* AppDelegate.swift */ = {isa = PBXFileReference; lastKnownFileType = sourcecode.swift; path = AppDelegate.swift; sourceTree = "<group>"; };
		C38ECC9A236DBC5300C27753 /* SceneDelegate.swift */ = {isa = PBXFileReference; lastKnownFileType = sourcecode.swift; path = SceneDelegate.swift; sourceTree = "<group>"; };
		C38ECC9F236DBC5300C27753 /* Base */ = {isa = PBXFileReference; lastKnownFileType = file.storyboard; name = Base; path = Base.lproj/Main.storyboard; sourceTree = "<group>"; };
		C38ECCA1236DBC5600C27753 /* Assets.xcassets */ = {isa = PBXFileReference; lastKnownFileType = folder.assetcatalog; path = Assets.xcassets; sourceTree = "<group>"; };
		C38ECCA4236DBC5600C27753 /* Base */ = {isa = PBXFileReference; lastKnownFileType = file.storyboard; name = Base; path = Base.lproj/LaunchScreen.storyboard; sourceTree = "<group>"; };
		C38ECCA6236DBC5600C27753 /* Info.plist */ = {isa = PBXFileReference; lastKnownFileType = text.plist.xml; path = Info.plist; sourceTree = "<group>"; };
		C38ECCAB236DBC5600C27753 /* ExampleTests.xctest */ = {isa = PBXFileReference; explicitFileType = wrapper.cfbundle; includeInIndex = 0; path = ExampleTests.xctest; sourceTree = BUILT_PRODUCTS_DIR; };
		C38ECCAF236DBC5600C27753 /* DeclarativeTVCTests.swift */ = {isa = PBXFileReference; lastKnownFileType = sourcecode.swift; path = DeclarativeTVCTests.swift; sourceTree = "<group>"; };
		C38ECCB1236DBC5600C27753 /* Info.plist */ = {isa = PBXFileReference; lastKnownFileType = text.plist.xml; path = Info.plist; sourceTree = "<group>"; };
		C38ECCB6236DBC5600C27753 /* ExampleUITests.xctest */ = {isa = PBXFileReference; explicitFileType = wrapper.cfbundle; includeInIndex = 0; path = ExampleUITests.xctest; sourceTree = BUILT_PRODUCTS_DIR; };
		C38ECCBA236DBC5600C27753 /* DeclarativeTVCUITests.swift */ = {isa = PBXFileReference; lastKnownFileType = sourcecode.swift; path = DeclarativeTVCUITests.swift; sourceTree = "<group>"; };
		C38ECCBC236DBC5600C27753 /* Info.plist */ = {isa = PBXFileReference; lastKnownFileType = text.plist.xml; path = Info.plist; sourceTree = "<group>"; };
		C38ECCEA236DC33B00C27753 /* State.swift */ = {isa = PBXFileReference; lastKnownFileType = sourcecode.swift; path = State.swift; sourceTree = "<group>"; };
		C38ECCEF236DC35900C27753 /* AnimationTypeSelectCell.swift */ = {isa = PBXFileReference; lastKnownFileType = sourcecode.swift; path = AnimationTypeSelectCell.swift; sourceTree = "<group>"; };
		C38ECCF3236DC37100C27753 /* CheckedCell.swift */ = {isa = PBXFileReference; lastKnownFileType = sourcecode.swift; path = CheckedCell.swift; sourceTree = "<group>"; };
		C38ECCF7236DC38200C27753 /* ApplyAnimationsCell.swift */ = {isa = PBXFileReference; lastKnownFileType = sourcecode.swift; path = ApplyAnimationsCell.swift; sourceTree = "<group>"; };
		C38ECCFB236DC39500C27753 /* SimpleCell.swift */ = {isa = PBXFileReference; lastKnownFileType = sourcecode.swift; path = SimpleCell.swift; sourceTree = "<group>"; };
		C38ECCFF236DC3A900C27753 /* TextFieldCell.swift */ = {isa = PBXFileReference; lastKnownFileType = sourcecode.swift; path = TextFieldCell.swift; sourceTree = "<group>"; };
		C38ECD03236DC3BB00C27753 /* SimpleSelectableCell.swift */ = {isa = PBXFileReference; lastKnownFileType = sourcecode.swift; path = SimpleSelectableCell.swift; sourceTree = "<group>"; };
		C38ECD07236DC3CE00C27753 /* SelectAnimationsCell.swift */ = {isa = PBXFileReference; lastKnownFileType = sourcecode.swift; path = SelectAnimationsCell.swift; sourceTree = "<group>"; };
		C38ECD0B236DC3DE00C27753 /* HeaderView.swift */ = {isa = PBXFileReference; lastKnownFileType = sourcecode.swift; path = HeaderView.swift; sourceTree = "<group>"; };
		C38ECD0F236DC3EF00C27753 /* HeaderCell.swift */ = {isa = PBXFileReference; lastKnownFileType = sourcecode.swift; path = HeaderCell.swift; sourceTree = "<group>"; };
		C38ECD18236DC44400C27753 /* MainVC.swift */ = {isa = PBXFileReference; lastKnownFileType = sourcecode.swift; path = MainVC.swift; sourceTree = "<group>"; };
		C38ECD1C236DC45700C27753 /* DetailVC.swift */ = {isa = PBXFileReference; lastKnownFileType = sourcecode.swift; path = DetailVC.swift; sourceTree = "<group>"; };
		C38ECD20236DC46A00C27753 /* SelectAnimationsVC.swift */ = {isa = PBXFileReference; lastKnownFileType = sourcecode.swift; path = SelectAnimationsVC.swift; sourceTree = "<group>"; };
		C38ECD24236DC47E00C27753 /* SelectAnimationOptionVC.swift */ = {isa = PBXFileReference; lastKnownFileType = sourcecode.swift; path = SelectAnimationOptionVC.swift; sourceTree = "<group>"; };
		C3FB1AD5236F2FA300C1B48A /* TVC.swift */ = {isa = PBXFileReference; fileEncoding = 4; lastKnownFileType = sourcecode.swift; path = TVC.swift; sourceTree = "<group>"; };
		C3FB1ADC236F321C00C1B48A /* ColorCell.swift */ = {isa = PBXFileReference; lastKnownFileType = sourcecode.swift; path = ColorCell.swift; sourceTree = "<group>"; };
		C3FB1AE0236F339E00C1B48A /* VerticalCVC.swift */ = {isa = PBXFileReference; lastKnownFileType = sourcecode.swift; path = VerticalCVC.swift; sourceTree = "<group>"; };
		C3FB1AE4236F345100C1B48A /* CVC.swift */ = {isa = PBXFileReference; lastKnownFileType = sourcecode.swift; path = CVC.swift; sourceTree = "<group>"; };
		C3FB1AE8236F470500C1B48A /* HorizontalCVC.swift */ = {isa = PBXFileReference; lastKnownFileType = sourcecode.swift; path = HorizontalCVC.swift; sourceTree = "<group>"; };
		C3FB1AEC236F48D300C1B48A /* ColorSelectableCell.swift */ = {isa = PBXFileReference; lastKnownFileType = sourcecode.swift; path = ColorSelectableCell.swift; sourceTree = "<group>"; };
		C3FCDA812394684D00EC716A /* SimpleXibCell.swift */ = {isa = PBXFileReference; lastKnownFileType = sourcecode.swift; path = SimpleXibCell.swift; sourceTree = "<group>"; };
		C3FCDA822394684D00EC716A /* SimpleXibCell.xib */ = {isa = PBXFileReference; lastKnownFileType = file.xib; path = SimpleXibCell.xib; sourceTree = "<group>"; };
/* End PBXFileReference section */

/* Begin PBXFrameworksBuildPhase section */
		C38ECC92236DBC5300C27753 /* Frameworks */ = {
			isa = PBXFrameworksBuildPhase;
			buildActionMask = 2147483647;
			files = (
				C378D976256EF3DB0073189B /* DeclarativeTVC in Frameworks */,
			);
			runOnlyForDeploymentPostprocessing = 0;
		};
		C38ECCA8236DBC5600C27753 /* Frameworks */ = {
			isa = PBXFrameworksBuildPhase;
			buildActionMask = 2147483647;
			files = (
			);
			runOnlyForDeploymentPostprocessing = 0;
		};
		C38ECCB3236DBC5600C27753 /* Frameworks */ = {
			isa = PBXFrameworksBuildPhase;
			buildActionMask = 2147483647;
			files = (
			);
			runOnlyForDeploymentPostprocessing = 0;
		};
/* End PBXFrameworksBuildPhase section */

/* Begin PBXGroup section */
		C378D95B256EEDF90073189B /* Frameworks */ = {
			isa = PBXGroup;
			children = (
				C378D95E256EEE680073189B /* DeclarativeTVC */,
			);
			name = Frameworks;
			sourceTree = "<group>";
		};
		C38ECC8C236DBC5300C27753 = {
			isa = PBXGroup;
			children = (
				C38ECC97236DBC5300C27753 /* Example */,
				C38ECCAE236DBC5600C27753 /* ExampleTests */,
				C38ECCB9236DBC5600C27753 /* ExampleUITests */,
				C38ECC96236DBC5300C27753 /* Products */,
				C378D95B256EEDF90073189B /* Frameworks */,
			);
			sourceTree = "<group>";
		};
		C38ECC96236DBC5300C27753 /* Products */ = {
			isa = PBXGroup;
			children = (
				C38ECC95236DBC5300C27753 /* Example.app */,
				C38ECCAB236DBC5600C27753 /* ExampleTests.xctest */,
				C38ECCB6236DBC5600C27753 /* ExampleUITests.xctest */,
			);
			name = Products;
			sourceTree = "<group>";
		};
		C38ECC97236DBC5300C27753 /* Example */ = {
			isa = PBXGroup;
			children = (
				C38ECC9E236DBC5300C27753 /* Main.storyboard */,
				C38ECCEA236DC33B00C27753 /* State.swift */,
				C38ECCEE236DC34A00C27753 /* Table Cells */,
				C3FB1ADB236F31FA00C1B48A /* Collection Cells */,
				C38ECD13236DC3FE00C27753 /* View Controllers */,
				C38ECC98236DBC5300C27753 /* AppDelegate.swift */,
				C38ECC9A236DBC5300C27753 /* SceneDelegate.swift */,
				C38ECCA1236DBC5600C27753 /* Assets.xcassets */,
				C38ECCA3236DBC5600C27753 /* LaunchScreen.storyboard */,
				C38ECCA6236DBC5600C27753 /* Info.plist */,
			);
			path = Example;
			sourceTree = "<group>";
		};
		C38ECCAE236DBC5600C27753 /* ExampleTests */ = {
			isa = PBXGroup;
			children = (
				C38ECCAF236DBC5600C27753 /* DeclarativeTVCTests.swift */,
				C38ECCB1236DBC5600C27753 /* Info.plist */,
			);
			path = ExampleTests;
			sourceTree = "<group>";
		};
		C38ECCB9236DBC5600C27753 /* ExampleUITests */ = {
			isa = PBXGroup;
			children = (
				C38ECCBA236DBC5600C27753 /* DeclarativeTVCUITests.swift */,
				C38ECCBC236DBC5600C27753 /* Info.plist */,
			);
			path = ExampleUITests;
			sourceTree = "<group>";
		};
		C38ECCEE236DC34A00C27753 /* Table Cells */ = {
			isa = PBXGroup;
			children = (
				C38ECD0F236DC3EF00C27753 /* HeaderCell.swift */,
				C38ECCFB236DC39500C27753 /* SimpleCell.swift */,
				C3FCDA812394684D00EC716A /* SimpleXibCell.swift */,
				C3FCDA822394684D00EC716A /* SimpleXibCell.xib */,
				C3709F6E239C5D4B00CC8DD8 /* SimpleCodeCell.swift */,
				C38ECCFF236DC3A900C27753 /* TextFieldCell.swift */,
				C38ECD07236DC3CE00C27753 /* SelectAnimationsCell.swift */,
				C38ECCF7236DC38200C27753 /* ApplyAnimationsCell.swift */,
				C38ECD03236DC3BB00C27753 /* SimpleSelectableCell.swift */,
				C38ECCF3236DC37100C27753 /* CheckedCell.swift */,
				C38ECCEF236DC35900C27753 /* AnimationTypeSelectCell.swift */,
				C38ECD0B236DC3DE00C27753 /* HeaderView.swift */,
				C3320BA8236F61D600141724 /* CollectionCell.swift */,
			);
			path = "Table Cells";
			sourceTree = "<group>";
		};
		C38ECD13236DC3FE00C27753 /* View Controllers */ = {
			isa = PBXGroup;
			children = (
				C3FB1AD9236F30B100C1B48A /* Tables */,
				C3FB1ADA236F30BC00C1B48A /* Collections */,
			);
			path = "View Controllers";
			sourceTree = "<group>";
		};
		C3FB1AD9236F30B100C1B48A /* Tables */ = {
			isa = PBXGroup;
			children = (
				C3FB1AD5236F2FA300C1B48A /* TVC.swift */,
				C38ECD18236DC44400C27753 /* MainVC.swift */,
				C38ECD1C236DC45700C27753 /* DetailVC.swift */,
				C38ECD20236DC46A00C27753 /* SelectAnimationsVC.swift */,
				C38ECD24236DC47E00C27753 /* SelectAnimationOptionVC.swift */,
				C3320BB0236F660B00141724 /* CollectionRowVC.swift */,
				C360A10C2563CCB900587CC3 /* GroupedTVC.swift */,
			);
			path = Tables;
			sourceTree = "<group>";
		};
		C3FB1ADA236F30BC00C1B48A /* Collections */ = {
			isa = PBXGroup;
			children = (
				C3FB1AE4236F345100C1B48A /* CVC.swift */,
				C3FB1AE0236F339E00C1B48A /* VerticalCVC.swift */,
				C3FB1AE8236F470500C1B48A /* HorizontalCVC.swift */,
			);
			path = Collections;
			sourceTree = "<group>";
		};
		C3FB1ADB236F31FA00C1B48A /* Collection Cells */ = {
			isa = PBXGroup;
			children = (
				C3FB1ADC236F321C00C1B48A /* ColorCell.swift */,
				C3FB1AEC236F48D300C1B48A /* ColorSelectableCell.swift */,
			);
			path = "Collection Cells";
			sourceTree = "<group>";
		};
/* End PBXGroup section */

/* Begin PBXNativeTarget section */
		C38ECC94236DBC5300C27753 /* Example */ = {
			isa = PBXNativeTarget;
			buildConfigurationList = C38ECCBF236DBC5600C27753 /* Build configuration list for PBXNativeTarget "Example" */;
			buildPhases = (
				C38ECC91236DBC5300C27753 /* Sources */,
				C38ECC92236DBC5300C27753 /* Frameworks */,
				C38ECC93236DBC5300C27753 /* Resources */,
				C3FEAC0B2397ED17009CCA25 /* Embed Frameworks */,
			);
			buildRules = (
			);
			dependencies = (
			);
			name = Example;
			packageProductDependencies = (
				C378D975256EF3DB0073189B /* DeclarativeTVC */,
			);
			productName = DeclarativeTVC;
			productReference = C38ECC95236DBC5300C27753 /* Example.app */;
			productType = "com.apple.product-type.application";
		};
		C38ECCAA236DBC5600C27753 /* ExampleTests */ = {
			isa = PBXNativeTarget;
			buildConfigurationList = C38ECCC2236DBC5600C27753 /* Build configuration list for PBXNativeTarget "ExampleTests" */;
			buildPhases = (
				C38ECCA7236DBC5600C27753 /* Sources */,
				C38ECCA8236DBC5600C27753 /* Frameworks */,
				C38ECCA9236DBC5600C27753 /* Resources */,
			);
			buildRules = (
			);
			dependencies = (
				C38ECCAD236DBC5600C27753 /* PBXTargetDependency */,
			);
			name = ExampleTests;
			productName = DeclarativeTVCTests;
			productReference = C38ECCAB236DBC5600C27753 /* ExampleTests.xctest */;
			productType = "com.apple.product-type.bundle.unit-test";
		};
		C38ECCB5236DBC5600C27753 /* ExampleUITests */ = {
			isa = PBXNativeTarget;
			buildConfigurationList = C38ECCC5236DBC5600C27753 /* Build configuration list for PBXNativeTarget "ExampleUITests" */;
			buildPhases = (
				C38ECCB2236DBC5600C27753 /* Sources */,
				C38ECCB3236DBC5600C27753 /* Frameworks */,
				C38ECCB4236DBC5600C27753 /* Resources */,
			);
			buildRules = (
			);
			dependencies = (
				C38ECCB8236DBC5600C27753 /* PBXTargetDependency */,
			);
			name = ExampleUITests;
			productName = DeclarativeTVCUITests;
			productReference = C38ECCB6236DBC5600C27753 /* ExampleUITests.xctest */;
			productType = "com.apple.product-type.bundle.ui-testing";
		};
/* End PBXNativeTarget section */

/* Begin PBXProject section */
		C38ECC8D236DBC5300C27753 /* Project object */ = {
			isa = PBXProject;
			attributes = {
				LastSwiftUpdateCheck = 1120;
				LastUpgradeCheck = 1220;
				ORGANIZATIONNAME = "Dmitry Kocherovets";
				TargetAttributes = {
					C38ECC94236DBC5300C27753 = {
						CreatedOnToolsVersion = 11.2;
					};
					C38ECCAA236DBC5600C27753 = {
						CreatedOnToolsVersion = 11.2;
						TestTargetID = C38ECC94236DBC5300C27753;
					};
					C38ECCB5236DBC5600C27753 = {
						CreatedOnToolsVersion = 11.2;
						TestTargetID = C38ECC94236DBC5300C27753;
					};
				};
			};
			buildConfigurationList = C38ECC90236DBC5300C27753 /* Build configuration list for PBXProject "DeclarativeTVC" */;
			compatibilityVersion = "Xcode 9.3";
			developmentRegion = en;
			hasScannedForEncodings = 0;
			knownRegions = (
				en,
				Base,
			);
			mainGroup = C38ECC8C236DBC5300C27753;
			productRefGroup = C38ECC96236DBC5300C27753 /* Products */;
			projectDirPath = "";
			projectRoot = "";
			targets = (
				C38ECC94236DBC5300C27753 /* Example */,
				C38ECCAA236DBC5600C27753 /* ExampleTests */,
				C38ECCB5236DBC5600C27753 /* ExampleUITests */,
			);
		};
/* End PBXProject section */

/* Begin PBXResourcesBuildPhase section */
		C38ECC93236DBC5300C27753 /* Resources */ = {
			isa = PBXResourcesBuildPhase;
			buildActionMask = 2147483647;
			files = (
				C38ECCA5236DBC5600C27753 /* LaunchScreen.storyboard in Resources */,
				C38ECCA2236DBC5600C27753 /* Assets.xcassets in Resources */,
				C38ECCA0236DBC5300C27753 /* Main.storyboard in Resources */,
				C3FCDA842394684D00EC716A /* SimpleXibCell.xib in Resources */,
			);
			runOnlyForDeploymentPostprocessing = 0;
		};
		C38ECCA9236DBC5600C27753 /* Resources */ = {
			isa = PBXResourcesBuildPhase;
			buildActionMask = 2147483647;
			files = (
			);
			runOnlyForDeploymentPostprocessing = 0;
		};
		C38ECCB4236DBC5600C27753 /* Resources */ = {
			isa = PBXResourcesBuildPhase;
			buildActionMask = 2147483647;
			files = (
			);
			runOnlyForDeploymentPostprocessing = 0;
		};
/* End PBXResourcesBuildPhase section */

/* Begin PBXSourcesBuildPhase section */
		C38ECC91236DBC5300C27753 /* Sources */ = {
			isa = PBXSourcesBuildPhase;
			buildActionMask = 2147483647;
			files = (
				C38ECC99236DBC5300C27753 /* AppDelegate.swift in Sources */,
				C38ECC9B236DBC5300C27753 /* SceneDelegate.swift in Sources */,
				C3FB1AE5236F345100C1B48A /* CVC.swift in Sources */,
				C38ECCEB236DC33B00C27753 /* State.swift in Sources */,
				C38ECCF4236DC37100C27753 /* CheckedCell.swift in Sources */,
				C38ECD04236DC3BB00C27753 /* SimpleSelectableCell.swift in Sources */,
				C38ECD0C236DC3DF00C27753 /* HeaderView.swift in Sources */,
				C38ECD21236DC46A00C27753 /* SelectAnimationsVC.swift in Sources */,
				C360A10D2563CCB900587CC3 /* GroupedTVC.swift in Sources */,
				C3709F6F239C5D4C00CC8DD8 /* SimpleCodeCell.swift in Sources */,
				C3FB1AEE236F48D400C1B48A /* ColorSelectableCell.swift in Sources */,
				C38ECD08236DC3CE00C27753 /* SelectAnimationsCell.swift in Sources */,
				C3FB1AE1236F339E00C1B48A /* VerticalCVC.swift in Sources */,
				C3FB1ADD236F321C00C1B48A /* ColorCell.swift in Sources */,
				C38ECD25236DC47E00C27753 /* SelectAnimationOptionVC.swift in Sources */,
				C3320BB1236F660B00141724 /* CollectionRowVC.swift in Sources */,
				C38ECD00236DC3A900C27753 /* TextFieldCell.swift in Sources */,
				C38ECCF0236DC35900C27753 /* AnimationTypeSelectCell.swift in Sources */,
				C3320BA9236F624200141724 /* CollectionCell.swift in Sources */,
				C3FB1AE9236F476D00C1B48A /* HorizontalCVC.swift in Sources */,
				C38ECD19236DC44400C27753 /* MainVC.swift in Sources */,
				C3FB1AD6236F2FA300C1B48A /* TVC.swift in Sources */,
				C38ECCF8236DC38200C27753 /* ApplyAnimationsCell.swift in Sources */,
				C38ECD10236DC3EF00C27753 /* HeaderCell.swift in Sources */,
				C38ECD1D236DC45700C27753 /* DetailVC.swift in Sources */,
				C38ECCFC236DC39500C27753 /* SimpleCell.swift in Sources */,
				C3FCDA832394684D00EC716A /* SimpleXibCell.swift in Sources */,
			);
			runOnlyForDeploymentPostprocessing = 0;
		};
		C38ECCA7236DBC5600C27753 /* Sources */ = {
			isa = PBXSourcesBuildPhase;
			buildActionMask = 2147483647;
			files = (
				C38ECCF9236DC38200C27753 /* ApplyAnimationsCell.swift in Sources */,
				C38ECD0D236DC3DF00C27753 /* HeaderView.swift in Sources */,
				C3FB1AEF236F48D400C1B48A /* ColorSelectableCell.swift in Sources */,
				C38ECCFD236DC39500C27753 /* SimpleCell.swift in Sources */,
				C38ECD22236DC46A00C27753 /* SelectAnimationsVC.swift in Sources */,
				C3320BB2236F660B00141724 /* CollectionRowVC.swift in Sources */,
				C3FB1AE2236F339E00C1B48A /* VerticalCVC.swift in Sources */,
				C38ECD05236DC3BB00C27753 /* SimpleSelectableCell.swift in Sources */,
				C38ECCB0236DBC5600C27753 /* DeclarativeTVCTests.swift in Sources */,
				C38ECCEC236DC33B00C27753 /* State.swift in Sources */,
				C38ECD11236DC3EF00C27753 /* HeaderCell.swift in Sources */,
				C3FB1AEA236F476D00C1B48A /* HorizontalCVC.swift in Sources */,
				C38ECD1E236DC45700C27753 /* DetailVC.swift in Sources */,
				C38ECD1A236DC44400C27753 /* MainVC.swift in Sources */,
				C38ECCF5236DC37100C27753 /* CheckedCell.swift in Sources */,
				C38ECD26236DC47E00C27753 /* SelectAnimationOptionVC.swift in Sources */,
				C3FB1ADE236F321C00C1B48A /* ColorCell.swift in Sources */,
				C3FB1AD7236F2FA300C1B48A /* TVC.swift in Sources */,
				C38ECCF1236DC35900C27753 /* AnimationTypeSelectCell.swift in Sources */,
				C3320BAA236F624200141724 /* CollectionCell.swift in Sources */,
				C38ECD09236DC3CE00C27753 /* SelectAnimationsCell.swift in Sources */,
				C38ECD01236DC3A900C27753 /* TextFieldCell.swift in Sources */,
				C3FB1AE6236F345100C1B48A /* CVC.swift in Sources */,
			);
			runOnlyForDeploymentPostprocessing = 0;
		};
		C38ECCB2236DBC5600C27753 /* Sources */ = {
			isa = PBXSourcesBuildPhase;
			buildActionMask = 2147483647;
			files = (
				C38ECCFA236DC38200C27753 /* ApplyAnimationsCell.swift in Sources */,
				C38ECD0E236DC3DF00C27753 /* HeaderView.swift in Sources */,
				C3FB1AED236F48D400C1B48A /* ColorSelectableCell.swift in Sources */,
				C38ECCFE236DC39500C27753 /* SimpleCell.swift in Sources */,
				C38ECD23236DC46A00C27753 /* SelectAnimationsVC.swift in Sources */,
				C3320BB3236F660B00141724 /* CollectionRowVC.swift in Sources */,
				C3FB1AE3236F339E00C1B48A /* VerticalCVC.swift in Sources */,
				C38ECD06236DC3BB00C27753 /* SimpleSelectableCell.swift in Sources */,
				C38ECCBB236DBC5600C27753 /* DeclarativeTVCUITests.swift in Sources */,
				C38ECCED236DC33B00C27753 /* State.swift in Sources */,
				C38ECD12236DC3EF00C27753 /* HeaderCell.swift in Sources */,
				C3FB1AEB236F476E00C1B48A /* HorizontalCVC.swift in Sources */,
				C38ECD1F236DC45700C27753 /* DetailVC.swift in Sources */,
				C38ECD1B236DC44400C27753 /* MainVC.swift in Sources */,
				C38ECCF6236DC37100C27753 /* CheckedCell.swift in Sources */,
				C38ECD27236DC47E00C27753 /* SelectAnimationOptionVC.swift in Sources */,
				C3FB1ADF236F321C00C1B48A /* ColorCell.swift in Sources */,
				C3FB1AD8236F2FA300C1B48A /* TVC.swift in Sources */,
				C38ECCF2236DC35900C27753 /* AnimationTypeSelectCell.swift in Sources */,
				C3320BAB236F624300141724 /* CollectionCell.swift in Sources */,
				C38ECD0A236DC3CE00C27753 /* SelectAnimationsCell.swift in Sources */,
				C38ECD02236DC3A900C27753 /* TextFieldCell.swift in Sources */,
				C3FB1AE7236F345100C1B48A /* CVC.swift in Sources */,
			);
			runOnlyForDeploymentPostprocessing = 0;
		};
/* End PBXSourcesBuildPhase section */

/* Begin PBXTargetDependency section */
		C38ECCAD236DBC5600C27753 /* PBXTargetDependency */ = {
			isa = PBXTargetDependency;
			target = C38ECC94236DBC5300C27753 /* Example */;
			targetProxy = C38ECCAC236DBC5600C27753 /* PBXContainerItemProxy */;
		};
		C38ECCB8236DBC5600C27753 /* PBXTargetDependency */ = {
			isa = PBXTargetDependency;
			target = C38ECC94236DBC5300C27753 /* Example */;
			targetProxy = C38ECCB7236DBC5600C27753 /* PBXContainerItemProxy */;
		};
/* End PBXTargetDependency section */

/* Begin PBXVariantGroup section */
		C38ECC9E236DBC5300C27753 /* Main.storyboard */ = {
			isa = PBXVariantGroup;
			children = (
				C38ECC9F236DBC5300C27753 /* Base */,
			);
			name = Main.storyboard;
			sourceTree = "<group>";
		};
		C38ECCA3236DBC5600C27753 /* LaunchScreen.storyboard */ = {
			isa = PBXVariantGroup;
			children = (
				C38ECCA4236DBC5600C27753 /* Base */,
			);
			name = LaunchScreen.storyboard;
			sourceTree = "<group>";
		};
/* End PBXVariantGroup section */

/* Begin XCBuildConfiguration section */
		C38ECCBD236DBC5600C27753 /* Debug */ = {
			isa = XCBuildConfiguration;
			buildSettings = {
				ALWAYS_SEARCH_USER_PATHS = NO;
				CLANG_ANALYZER_NONNULL = YES;
				CLANG_ANALYZER_NUMBER_OBJECT_CONVERSION = YES_AGGRESSIVE;
				CLANG_CXX_LANGUAGE_STANDARD = "gnu++14";
				CLANG_CXX_LIBRARY = "libc++";
				CLANG_ENABLE_MODULES = YES;
				CLANG_ENABLE_OBJC_ARC = YES;
				CLANG_ENABLE_OBJC_WEAK = YES;
				CLANG_WARN_BLOCK_CAPTURE_AUTORELEASING = YES;
				CLANG_WARN_BOOL_CONVERSION = YES;
				CLANG_WARN_COMMA = YES;
				CLANG_WARN_CONSTANT_CONVERSION = YES;
				CLANG_WARN_DEPRECATED_OBJC_IMPLEMENTATIONS = YES;
				CLANG_WARN_DIRECT_OBJC_ISA_USAGE = YES_ERROR;
				CLANG_WARN_DOCUMENTATION_COMMENTS = YES;
				CLANG_WARN_EMPTY_BODY = YES;
				CLANG_WARN_ENUM_CONVERSION = YES;
				CLANG_WARN_INFINITE_RECURSION = YES;
				CLANG_WARN_INT_CONVERSION = YES;
				CLANG_WARN_NON_LITERAL_NULL_CONVERSION = YES;
				CLANG_WARN_OBJC_IMPLICIT_RETAIN_SELF = YES;
				CLANG_WARN_OBJC_LITERAL_CONVERSION = YES;
				CLANG_WARN_OBJC_ROOT_CLASS = YES_ERROR;
				CLANG_WARN_QUOTED_INCLUDE_IN_FRAMEWORK_HEADER = YES;
				CLANG_WARN_RANGE_LOOP_ANALYSIS = YES;
				CLANG_WARN_STRICT_PROTOTYPES = YES;
				CLANG_WARN_SUSPICIOUS_MOVE = YES;
				CLANG_WARN_UNGUARDED_AVAILABILITY = YES_AGGRESSIVE;
				CLANG_WARN_UNREACHABLE_CODE = YES;
				CLANG_WARN__DUPLICATE_METHOD_MATCH = YES;
				COPY_PHASE_STRIP = NO;
				DEBUG_INFORMATION_FORMAT = dwarf;
				ENABLE_STRICT_OBJC_MSGSEND = YES;
				ENABLE_TESTABILITY = YES;
				GCC_C_LANGUAGE_STANDARD = gnu11;
				GCC_DYNAMIC_NO_PIC = NO;
				GCC_NO_COMMON_BLOCKS = YES;
				GCC_OPTIMIZATION_LEVEL = 0;
				GCC_PREPROCESSOR_DEFINITIONS = (
					"DEBUG=1",
					"$(inherited)",
				);
				GCC_WARN_64_TO_32_BIT_CONVERSION = YES;
				GCC_WARN_ABOUT_RETURN_TYPE = YES_ERROR;
				GCC_WARN_UNDECLARED_SELECTOR = YES;
				GCC_WARN_UNINITIALIZED_AUTOS = YES_AGGRESSIVE;
				GCC_WARN_UNUSED_FUNCTION = YES;
				GCC_WARN_UNUSED_VARIABLE = YES;
				IPHONEOS_DEPLOYMENT_TARGET = 13.0;
				MTL_ENABLE_DEBUG_INFO = INCLUDE_SOURCE;
				MTL_FAST_MATH = YES;
				ONLY_ACTIVE_ARCH = YES;
				SDKROOT = iphoneos;
				SWIFT_ACTIVE_COMPILATION_CONDITIONS = DEBUG;
				SWIFT_OPTIMIZATION_LEVEL = "-Onone";
			};
			name = Debug;
		};
		C38ECCBE236DBC5600C27753 /* Release */ = {
			isa = XCBuildConfiguration;
			buildSettings = {
				ALWAYS_SEARCH_USER_PATHS = NO;
				CLANG_ANALYZER_NONNULL = YES;
				CLANG_ANALYZER_NUMBER_OBJECT_CONVERSION = YES_AGGRESSIVE;
				CLANG_CXX_LANGUAGE_STANDARD = "gnu++14";
				CLANG_CXX_LIBRARY = "libc++";
				CLANG_ENABLE_MODULES = YES;
				CLANG_ENABLE_OBJC_ARC = YES;
				CLANG_ENABLE_OBJC_WEAK = YES;
				CLANG_WARN_BLOCK_CAPTURE_AUTORELEASING = YES;
				CLANG_WARN_BOOL_CONVERSION = YES;
				CLANG_WARN_COMMA = YES;
				CLANG_WARN_CONSTANT_CONVERSION = YES;
				CLANG_WARN_DEPRECATED_OBJC_IMPLEMENTATIONS = YES;
				CLANG_WARN_DIRECT_OBJC_ISA_USAGE = YES_ERROR;
				CLANG_WARN_DOCUMENTATION_COMMENTS = YES;
				CLANG_WARN_EMPTY_BODY = YES;
				CLANG_WARN_ENUM_CONVERSION = YES;
				CLANG_WARN_INFINITE_RECURSION = YES;
				CLANG_WARN_INT_CONVERSION = YES;
				CLANG_WARN_NON_LITERAL_NULL_CONVERSION = YES;
				CLANG_WARN_OBJC_IMPLICIT_RETAIN_SELF = YES;
				CLANG_WARN_OBJC_LITERAL_CONVERSION = YES;
				CLANG_WARN_OBJC_ROOT_CLASS = YES_ERROR;
				CLANG_WARN_QUOTED_INCLUDE_IN_FRAMEWORK_HEADER = YES;
				CLANG_WARN_RANGE_LOOP_ANALYSIS = YES;
				CLANG_WARN_STRICT_PROTOTYPES = YES;
				CLANG_WARN_SUSPICIOUS_MOVE = YES;
				CLANG_WARN_UNGUARDED_AVAILABILITY = YES_AGGRESSIVE;
				CLANG_WARN_UNREACHABLE_CODE = YES;
				CLANG_WARN__DUPLICATE_METHOD_MATCH = YES;
				COPY_PHASE_STRIP = NO;
				DEBUG_INFORMATION_FORMAT = "dwarf-with-dsym";
				ENABLE_NS_ASSERTIONS = NO;
				ENABLE_STRICT_OBJC_MSGSEND = YES;
				GCC_C_LANGUAGE_STANDARD = gnu11;
				GCC_NO_COMMON_BLOCKS = YES;
				GCC_WARN_64_TO_32_BIT_CONVERSION = YES;
				GCC_WARN_ABOUT_RETURN_TYPE = YES_ERROR;
				GCC_WARN_UNDECLARED_SELECTOR = YES;
				GCC_WARN_UNINITIALIZED_AUTOS = YES_AGGRESSIVE;
				GCC_WARN_UNUSED_FUNCTION = YES;
				GCC_WARN_UNUSED_VARIABLE = YES;
				IPHONEOS_DEPLOYMENT_TARGET = 13.0;
				MTL_ENABLE_DEBUG_INFO = NO;
				MTL_FAST_MATH = YES;
				SDKROOT = iphoneos;
				SWIFT_COMPILATION_MODE = wholemodule;
				SWIFT_OPTIMIZATION_LEVEL = "-O";
				VALIDATE_PRODUCT = YES;
			};
			name = Release;
		};
		C38ECCC0236DBC5600C27753 /* Debug */ = {
			isa = XCBuildConfiguration;
			buildSettings = {
				ASSETCATALOG_COMPILER_APPICON_NAME = AppIcon;
				CODE_SIGN_IDENTITY = "Apple Development";
				CODE_SIGN_STYLE = Automatic;
				DEVELOPMENT_TEAM = 42K94E5YQD;
				INFOPLIST_FILE = Example/Info.plist;
				LD_RUNPATH_SEARCH_PATHS = (
					"$(inherited)",
					"@executable_path/Frameworks",
				);
				PRODUCT_BUNDLE_IDENTIFIER = com.kocherovets.ExampleDeclarartiveTVC;
				PRODUCT_NAME = "$(TARGET_NAME)";
				PROVISIONING_PROFILE_SPECIFIER = "";
				SWIFT_VERSION = 5.0;
				TARGETED_DEVICE_FAMILY = "1,2";
			};
			name = Debug;
		};
		C38ECCC1236DBC5600C27753 /* Release */ = {
			isa = XCBuildConfiguration;
			buildSettings = {
				ASSETCATALOG_COMPILER_APPICON_NAME = AppIcon;
				CODE_SIGN_IDENTITY = "Apple Development";
				CODE_SIGN_STYLE = Automatic;
				DEVELOPMENT_TEAM = 42K94E5YQD;
				INFOPLIST_FILE = Example/Info.plist;
				LD_RUNPATH_SEARCH_PATHS = (
					"$(inherited)",
					"@executable_path/Frameworks",
				);
				PRODUCT_BUNDLE_IDENTIFIER = com.kocherovets.ExampleDeclarartiveTVC;
				PRODUCT_NAME = "$(TARGET_NAME)";
				PROVISIONING_PROFILE_SPECIFIER = "";
				SWIFT_VERSION = 5.0;
				TARGETED_DEVICE_FAMILY = "1,2";
			};
			name = Release;
		};
		C38ECCC3236DBC5600C27753 /* Debug */ = {
			isa = XCBuildConfiguration;
			buildSettings = {
				ALWAYS_EMBED_SWIFT_STANDARD_LIBRARIES = "$(inherited)";
				BUNDLE_LOADER = "$(TEST_HOST)";
				CODE_SIGN_STYLE = Automatic;
				DEVELOPMENT_TEAM = 42K94E5YQD;
				INFOPLIST_FILE = ExampleTests/Info.plist;
				IPHONEOS_DEPLOYMENT_TARGET = 13.2;
				LD_RUNPATH_SEARCH_PATHS = (
					"$(inherited)",
					"@executable_path/Frameworks",
					"@loader_path/Frameworks",
				);
				PRODUCT_BUNDLE_IDENTIFIER = com.kocherovets.DeclarativeTVCTests;
				PRODUCT_NAME = "$(TARGET_NAME)";
				SWIFT_VERSION = 5.0;
				TARGETED_DEVICE_FAMILY = "1,2";
				TEST_HOST = "$(BUILT_PRODUCTS_DIR)/Example.app/Example";
			};
			name = Debug;
		};
		C38ECCC4236DBC5600C27753 /* Release */ = {
			isa = XCBuildConfiguration;
			buildSettings = {
				ALWAYS_EMBED_SWIFT_STANDARD_LIBRARIES = "$(inherited)";
				BUNDLE_LOADER = "$(TEST_HOST)";
				CODE_SIGN_STYLE = Automatic;
				DEVELOPMENT_TEAM = 42K94E5YQD;
				INFOPLIST_FILE = ExampleTests/Info.plist;
				IPHONEOS_DEPLOYMENT_TARGET = 13.2;
				LD_RUNPATH_SEARCH_PATHS = (
					"$(inherited)",
					"@executable_path/Frameworks",
					"@loader_path/Frameworks",
				);
				PRODUCT_BUNDLE_IDENTIFIER = com.kocherovets.DeclarativeTVCTests;
				PRODUCT_NAME = "$(TARGET_NAME)";
				SWIFT_VERSION = 5.0;
				TARGETED_DEVICE_FAMILY = "1,2";
				TEST_HOST = "$(BUILT_PRODUCTS_DIR)/Example.app/Example";
			};
			name = Release;
		};
		C38ECCC6236DBC5600C27753 /* Debug */ = {
			isa = XCBuildConfiguration;
			buildSettings = {
				ALWAYS_EMBED_SWIFT_STANDARD_LIBRARIES = "$(inherited)";
				CODE_SIGN_STYLE = Automatic;
				DEVELOPMENT_TEAM = 42K94E5YQD;
				INFOPLIST_FILE = ExampleUITests/Info.plist;
				LD_RUNPATH_SEARCH_PATHS = (
					"$(inherited)",
					"@executable_path/Frameworks",
					"@loader_path/Frameworks",
				);
				PRODUCT_BUNDLE_IDENTIFIER = com.kocherovets.DeclarativeTVCUITests;
				PRODUCT_NAME = "$(TARGET_NAME)";
				SWIFT_VERSION = 5.0;
				TARGETED_DEVICE_FAMILY = "1,2";
				TEST_TARGET_NAME = DeclarativeTVC;
			};
			name = Debug;
		};
		C38ECCC7236DBC5600C27753 /* Release */ = {
			isa = XCBuildConfiguration;
			buildSettings = {
				ALWAYS_EMBED_SWIFT_STANDARD_LIBRARIES = "$(inherited)";
				CODE_SIGN_STYLE = Automatic;
				DEVELOPMENT_TEAM = 42K94E5YQD;
				INFOPLIST_FILE = ExampleUITests/Info.plist;
				LD_RUNPATH_SEARCH_PATHS = (
					"$(inherited)",
					"@executable_path/Frameworks",
					"@loader_path/Frameworks",
				);
				PRODUCT_BUNDLE_IDENTIFIER = com.kocherovets.DeclarativeTVCUITests;
				PRODUCT_NAME = "$(TARGET_NAME)";
				SWIFT_VERSION = 5.0;
				TARGETED_DEVICE_FAMILY = "1,2";
				TEST_TARGET_NAME = DeclarativeTVC;
			};
			name = Release;
		};
/* End XCBuildConfiguration section */

/* Begin XCConfigurationList section */
		C38ECC90236DBC5300C27753 /* Build configuration list for PBXProject "DeclarativeTVC" */ = {
			isa = XCConfigurationList;
			buildConfigurations = (
				C38ECCBD236DBC5600C27753 /* Debug */,
				C38ECCBE236DBC5600C27753 /* Release */,
			);
			defaultConfigurationIsVisible = 0;
			defaultConfigurationName = Release;
		};
		C38ECCBF236DBC5600C27753 /* Build configuration list for PBXNativeTarget "Example" */ = {
			isa = XCConfigurationList;
			buildConfigurations = (
				C38ECCC0236DBC5600C27753 /* Debug */,
				C38ECCC1236DBC5600C27753 /* Release */,
			);
			defaultConfigurationIsVisible = 0;
			defaultConfigurationName = Release;
		};
		C38ECCC2236DBC5600C27753 /* Build configuration list for PBXNativeTarget "ExampleTests" */ = {
			isa = XCConfigurationList;
			buildConfigurations = (
				C38ECCC3236DBC5600C27753 /* Debug */,
				C38ECCC4236DBC5600C27753 /* Release */,
			);
			defaultConfigurationIsVisible = 0;
			defaultConfigurationName = Release;
		};
		C38ECCC5236DBC5600C27753 /* Build configuration list for PBXNativeTarget "ExampleUITests" */ = {
			isa = XCConfigurationList;
			buildConfigurations = (
				C38ECCC6236DBC5600C27753 /* Debug */,
				C38ECCC7236DBC5600C27753 /* Release */,
			);
			defaultConfigurationIsVisible = 0;
			defaultConfigurationName = Release;
		};
/* End XCConfigurationList section */

/* Begin XCSwiftPackageProductDependency section */
		C378D975256EF3DB0073189B /* DeclarativeTVC */ = {
			isa = XCSwiftPackageProductDependency;
			productName = DeclarativeTVC;
		};
/* End XCSwiftPackageProductDependency section */
	};
	rootObject = C38ECC8D236DBC5300C27753 /* Project object */;
}
